// !$*UTF8*$!
{
	archiveVersion = 1;
	classes = {
	};
	objectVersion = 77;
	objects = {

/* Begin PBXBuildFile section */
		018255F83848D18F615B66FC /* HomeView.swift in Sources */ = {isa = PBXBuildFile; fileRef = E421576C8190BCF4CC8EFABD /* HomeView.swift */; };
		02917329D9801E38C7141950 /* CoinStore.swift in Sources */ = {isa = PBXBuildFile; fileRef = A2917162BA77C9AFCC147AD4 /* CoinStore.swift */; };
		043B74A00414531A76FD3490 /* CoinRewardViewModel.swift in Sources */ = {isa = PBXBuildFile; fileRef = 796597558E1D7B3BE7678413 /* CoinRewardViewModel.swift */; };
		04AD97E5CBAE40B48D335B50 /* MemberView.swift in Sources */ = {isa = PBXBuildFile; fileRef = EC39FF880BF54A0AB34DA75A /* MemberView.swift */; };
		05E7C5CD90C150C482CA8DF1 /* RightActionBar.swift in Sources */ = {isa = PBXBuildFile; fileRef = 28CC60ED9149EC7216080A8B /* RightActionBar.swift */; };
		109C7DB25FDA449C9B68CBDE /* SplashView.swift in Sources */ = {isa = PBXBuildFile; fileRef = B5D7863E117B7187FC4A21A6 /* SplashView.swift */; };
		1209CA13FE97426E9C6D6308 /* MemberResponseDTO.swift in Sources */ = {isa = PBXBuildFile; fileRef = ABE66037A6F14B1FA8BA0DA9 /* MemberResponseDTO.swift */; };
		157EA7612F5F55209BB9DF3A /* APIConfig.swift in Sources */ = {isa = PBXBuildFile; fileRef = EAB9B1695F125A9D9EB7B5A1 /* APIConfig.swift */; };
		1C871B6F33AB54D0D59AA2AC /* SeriesPlayerView.swift in Sources */ = {isa = PBXBuildFile; fileRef = FC6168F0CDBC3B3FE810F657 /* SeriesPlayerView.swift */; };
		1FF3E1A102BEF7AA8D4F9D2A /* ImageLoader.swift in Sources */ = {isa = PBXBuildFile; fileRef = 92BA45403A687DDCFEC0BFB2 /* ImageLoader.swift */; };
		22DD7B8ED502B83B8DA519EC /* HTTPRangeMediaCache.swift in Sources */ = {isa = PBXBuildFile; fileRef = 3BD817497A3D172F4436C753 /* HTTPRangeMediaCache.swift */; };
		2C154A54BD9F2FF30E9D0E37 /* RankingResponseDTO.swift in Sources */ = {isa = PBXBuildFile; fileRef = 3ACE4BF9A6467F42C0968C1D /* RankingResponseDTO.swift */; };
		2E4AAF0C01CE42B2A39F4D43 /* RealMemberRepository.swift in Sources */ = {isa = PBXBuildFile; fileRef = 5DCCCF0A8A63420F846E6A38 /* RealMemberRepository.swift */; };
		2E9BFA93C65881A7FF34909B /* DesignToken.swift in Sources */ = {isa = PBXBuildFile; fileRef = 5D8EDBD506501279A0BBE11E /* DesignToken.swift */; };
		35ACFDD66549ADA723C21EE5 /* DSComponents.swift in Sources */ = {isa = PBXBuildFile; fileRef = BDA4BA0E4DC46492199EAA48 /* DSComponents.swift */; };
		3621D61EEDEABAB261DB3D9C /* Assets.xcassets in Resources */ = {isa = PBXBuildFile; fileRef = 85C47C44A64449764305DA46 /* Assets.xcassets */; };
		39D8E9DA7400BCF179CA4ACC /* BannerCarouselView.swift in Sources */ = {isa = PBXBuildFile; fileRef = F568292E03F1FD0A10249AEA /* BannerCarouselView.swift */; };
		3A5C94BBB1652FCA4C8FD2E4 /* Bookmark.swift in Sources */ = {isa = PBXBuildFile; fileRef = C9E72EDFAD26B4E491CBF588 /* Bookmark.swift */; };
		3C166BF01EA519B171BB29BF /* ContentGridView.swift in Sources */ = {isa = PBXBuildFile; fileRef = D6239C7548EBE5D9DC91B774 /* ContentGridView.swift */; };
		3C29B2916A8A40C19941B29F /* HomeSectionComponents.swift in Sources */ = {isa = PBXBuildFile; fileRef = 3C29B2906A8A40C19941B29F /* HomeSectionComponents.swift */; };
		3DA9ADA76FBF34BE2D573190 /* MainTabView.swift in Sources */ = {isa = PBXBuildFile; fileRef = 9EE6686338A9B5C9165091C3 /* MainTabView.swift */; };
		437DB3F81EB2313F084B19F4 /* AdConfig.swift in Sources */ = {isa = PBXBuildFile; fileRef = B283C7770DFE5035A2A801EA /* AdConfig.swift */; };
		479CE0557FE0EB68C8164DA2 /* APIClient.swift in Sources */ = {isa = PBXBuildFile; fileRef = C0FBCC165022E5CCB45EA6E8 /* APIClient.swift */; };
		47CAE4E9748555F58485DF77 /* RealAPISmokeRunner.swift in Sources */ = {isa = PBXBuildFile; fileRef = CF9FFC0A7E27520F831C0B29 /* RealAPISmokeRunner.swift */; };
		4C2A4B746B4E5FA8AD0D26AF /* AppInitService.swift in Sources */ = {isa = PBXBuildFile; fileRef = 7BC0029E1B4A5E50A277A299 /* AppInitService.swift */; };
		4DDFA6F1D2EEC92162F6390A /* BannerCarouselViewModel.swift in Sources */ = {isa = PBXBuildFile; fileRef = 57B73D1F27373372450CDDB7 /* BannerCarouselViewModel.swift */; };
		4F550BBADB583BE70F1E0D4D /* ExitGuidePopupView.swift in Sources */ = {isa = PBXBuildFile; fileRef = 4E4D8688900319881D81FB88 /* ExitGuidePopupView.swift */; };
		515D6A18AF0E16B92039B736 /* RealAdService.swift in Sources */ = {isa = PBXBuildFile; fileRef = 3F30DE30D08251279912E670 /* RealAdService.swift */; };
		534A609A4BC181567823C605 /* PlayerRecoveryController.swift in Sources */ = {isa = PBXBuildFile; fileRef = 33FF53CF2CD4F740B93648B2 /* PlayerRecoveryController.swift */; };
		54229AAD0F949D70663B3BE8 /* ShortVideoPlayerEngine.swift in Sources */ = {isa = PBXBuildFile; fileRef = 162A3AA839324704A0A1F73C /* ShortVideoPlayerEngine.swift */; };
		54675ED85DFD792FC62BF4DC /* PlayerMediaModels.swift in Sources */ = {isa = PBXBuildFile; fileRef = 185258248DA764936F58AAB2 /* PlayerMediaModels.swift */; };
		56198E9B766AE5D2CDCE76B6 /* RepositoryProtocols.swift in Sources */ = {isa = PBXBuildFile; fileRef = 816C2A833938C5A1359FED73 /* RepositoryProtocols.swift */; };
		5B19C5C83C1B02D7226E4728 /* PlayerMetricsLogger.swift in Sources */ = {isa = PBXBuildFile; fileRef = F3CC05A2C81EA9C064D472E7 /* PlayerMetricsLogger.swift */; };
		5C5D9C3E2148403992266DD2 /* PlayerCoordinator.swift in Sources */ = {isa = PBXBuildFile; fileRef = 89D0D2E9DBA64EE1932616C6 /* PlayerCoordinator.swift */; };
		612F40122E21C22C29A7235A /* SearchView.swift in Sources */ = {isa = PBXBuildFile; fileRef = 28899AC8C3E62CAF6EF737A4 /* SearchView.swift */; };
		62E6C836C6BE09E7D21AAE18 /* Episode.swift in Sources */ = {isa = PBXBuildFile; fileRef = EA72F11F7C37C29470430D0F /* Episode.swift */; };
		63313C34915D61811BF274CD /* RelaxShortApp.swift in Sources */ = {isa = PBXBuildFile; fileRef = D253297B8A9E0DBCD3F63137 /* RelaxShortApp.swift */; };
		6477CAE549CC459E6CF4B297 /* WatchHistory.swift in Sources */ = {isa = PBXBuildFile; fileRef = BEC6A1E31F7E8E0BABDB1520 /* WatchHistory.swift */; };
		67E0C2900E4691C0AA7431B7 /* DramaItem.swift in Sources */ = {isa = PBXBuildFile; fileRef = 457158D3B20C8360F9FE045F /* DramaItem.swift */; };
		6C6912FA41D55BA89E9652D3 /* RecommendViewModel.swift in Sources */ = {isa = PBXBuildFile; fileRef = 8BB2B6C624119C5300B98C55 /* RecommendViewModel.swift */; };
		70625382EDA24FD51CA6C6C8 /* LoginViewModel.swift in Sources */ = {isa = PBXBuildFile; fileRef = 89C8F67782EEB85783956169 /* LoginViewModel.swift */; };
		71D41707ADD14AF18AA788EB /* MemberViewModel.swift in Sources */ = {isa = PBXBuildFile; fileRef = 86D8BBC63EA44177801BB30D /* MemberViewModel.swift */; };
		725ED73B1C90C685469604A4 /* ShortVideoPlayerView.swift in Sources */ = {isa = PBXBuildFile; fileRef = 5E638B042AF7EB7EEEB410B2 /* ShortVideoPlayerView.swift */; };
		7439D1A1EE4D4FA88873524E /* PlayerOptionSheets.swift in Sources */ = {isa = PBXBuildFile; fileRef = 8ACD6CD70E7C49D0BFE32D57 /* PlayerOptionSheets.swift */; };
		760FA93B30ED6372731C4B9F /* ProfileViewModel.swift in Sources */ = {isa = PBXBuildFile; fileRef = 27BBDB51E8C0B12ADF735809 /* ProfileViewModel.swift */; };
		76CE474B83AAE6620BA0C2EB /* DiscoveryEvent.swift in Sources */ = {isa = PBXBuildFile; fileRef = 96DD43518DDDC1E3D0CCED7E /* DiscoveryEvent.swift */; };
		77E72D93B7DE00FD5CC03556 /* PlayerItemFactory.swift in Sources */ = {isa = PBXBuildFile; fileRef = 7F346D49AC21BBB76750BDC4 /* PlayerItemFactory.swift */; };
		780220A30CA17D36AC00BCA2 /* VideoPlayerView.swift in Sources */ = {isa = PBXBuildFile; fileRef = 369DBB3ED6B5D26D448FA5A9 /* VideoPlayerView.swift */; };
		787FEE0511E957E8A50AE0CE /* API/PlayerMediaSource.swift in Sources */ = {isa = PBXBuildFile; fileRef = D20FD7A3399158EFA990DE36 /* API/PlayerMediaSource.swift */; };
		7CB8EC8C5350FC8F379062DF /* NetworkError.swift in Sources */ = {isa = PBXBuildFile; fileRef = 59DE53B2962106BFD119821C /* NetworkError.swift */; };
		7EA1F16846A1632410CBFF6B /* DependencyContainer.swift in Sources */ = {isa = PBXBuildFile; fileRef = 2E94422D6C246A49C3BBEFCF /* DependencyContainer.swift */; };
		7F0248C13E2DF858A93FAD7D /* SpeedHUDView.swift in Sources */ = {isa = PBXBuildFile; fileRef = 7B070006A2A02CF44DB37D2A /* SpeedHUDView.swift */; };
		813920C7CB353C5DFF9EDFC0 /* PlayerComponents.swift in Sources */ = {isa = PBXBuildFile; fileRef = AA1D03A03D2000E5D75B2B15 /* PlayerComponents.swift */; };
		82AA4DB580892A726175B04F /* RankingEntry.swift in Sources */ = {isa = PBXBuildFile; fileRef = 1C914768BFFF4524641958E9 /* RankingEntry.swift */; };
		84521D9F5863A3752E137B86 /* RankDrama.swift in Sources */ = {isa = PBXBuildFile; fileRef = DE6BAACF8AF7E6C0BDECF3C3 /* RankDrama.swift */; };
		A34B00000000000000000001 /* AuthModels.swift in Sources */ = {isa = PBXBuildFile; fileRef = A34F00000000000000000001 /* AuthModels.swift */; };
		A34B00000000000000000002 /* AuthKeychainStore.swift in Sources */ = {isa = PBXBuildFile; fileRef = A34F00000000000000000002 /* AuthKeychainStore.swift */; };
		A34B00000000000000000003 /* AuthSessionCoordinator.swift in Sources */ = {isa = PBXBuildFile; fileRef = A34F00000000000000000003 /* AuthSessionCoordinator.swift */; };
		A34B00000000000000000004 /* GoogleOAuthClient.swift in Sources */ = {isa = PBXBuildFile; fileRef = A34F00000000000000000004 /* GoogleOAuthClient.swift */; };
		A34B00000000000000000005 /* RealAuthRepository.swift in Sources */ = {isa = PBXBuildFile; fileRef = A34F00000000000000000005 /* RealAuthRepository.swift */; };
		A34B00000000000000000006 /* AuthResponseDTO.swift in Sources */ = {isa = PBXBuildFile; fileRef = A34F00000000000000000006 /* AuthResponseDTO.swift */; };
		A34B00000000000000000007 /* GoogleSignIn in Frameworks */ = {isa = PBXBuildFile; productRef = A34D00000000000000000001 /* GoogleSignIn */; };
		A34B00000000000000000008 /* GoogleSignInSwift in Frameworks */ = {isa = PBXBuildFile; productRef = A34D00000000000000000002 /* GoogleSignInSwift */; };
		87397CD67B506164EAFE644C /* AuthStore.swift in Sources */ = {isa = PBXBuildFile; fileRef = A2A4E84BF38F1E7454707A70 /* AuthStore.swift */; };
		8CF74B95BAAEFB1AA410A620 /* InstallIdentityProvider.swift in Sources */ = {isa = PBXBuildFile; fileRef = E25E4818A70A3AC4A3C0FDAC /* InstallIdentityProvider.swift */; };
		8D9E4FFE568E4A3CC3F14A0A /* CoinRewardView.swift in Sources */ = {isa = PBXBuildFile; fileRef = C15E0ECC75DBFD47BDC8BF48 /* CoinRewardView.swift */; };
		900FFCB54E4CAABD66C9961C /* RankCardView.swift in Sources */ = {isa = PBXBuildFile; fileRef = E29CB904700A50B3B6F1AEC7 /* RankCardView.swift */; };
		90222D64B0E6198783ABF0E4 /* DramaBoxSectionHeader.swift in Sources */ = {isa = PBXBuildFile; fileRef = 9ED81DB54F17A1B659CA8CAA /* DramaBoxSectionHeader.swift */; };
		91D600ABF5B9CD83A995EACE /* VIPModels.swift in Sources */ = {isa = PBXBuildFile; fileRef = 1BA3C9940AA462BEC7178DF7 /* VIPModels.swift */; };
		950D311C2699FB3FDD0DFEF6 /* SearchDefaultViewModel.swift in Sources */ = {isa = PBXBuildFile; fileRef = C2ECC6D89B539AE9E9C77C64 /* SearchDefaultViewModel.swift */; };
		95BB863B0F6B4CAEAF73548D /* ProfileMainComponents.swift in Sources */ = {isa = PBXBuildFile; fileRef = F4539C92A78949F3A7C2630C /* ProfileMainComponents.swift */; };
		999E1EF120B9AFA358B50285 /* CoinTask.swift in Sources */ = {isa = PBXBuildFile; fileRef = B64486253ECEA99A6C9EFD17 /* CoinTask.swift */; };
		99ECD8A1A63D8D8A97B83282 /* Localizable.strings in Resources */ = {isa = PBXBuildFile; fileRef = A2BCDBC3FD8E0721CDF48ABB /* Localizable.strings */; };
		99F209BB432A3953D9334356 /* DramaBoxSheetChrome.swift in Sources */ = {isa = PBXBuildFile; fileRef = 269FBED9CF59F2BA493D077E /* DramaBoxSheetChrome.swift */; };
		9B85F56762E96295823D58B9 /* TopToolbarView.swift in Sources */ = {isa = PBXBuildFile; fileRef = 0F907B906FB605748F73151A /* TopToolbarView.swift */; };
		9F2B5CBD100A06A160CF773C /* DramaBoxBottomTabBar.swift in Sources */ = {isa = PBXBuildFile; fileRef = E9F6A1269CCC563189D7AE7E /* DramaBoxBottomTabBar.swift */; };
		9F9F993193E6AF344C7E2F94 /* StorageService.swift in Sources */ = {isa = PBXBuildFile; fileRef = 142D16FA5DD46D6AC295A967 /* StorageService.swift */; };
		A0E1F901A6725799956393D0 /* RealHomeRepository.swift in Sources */ = {isa = PBXBuildFile; fileRef = 173DC61A9CC85DAEB9CFD0ED /* RealHomeRepository.swift */; };
		A2224A7AD8D851AC87787F17 /* API/AppInitResponseDTO.swift in Sources */ = {isa = PBXBuildFile; fileRef = B63560DCD0A454C5BE878E22 /* API/AppInitResponseDTO.swift */; };
		A30B00000000000000000001 /* SearchRankTheme.swift in Sources */ = {isa = PBXBuildFile; fileRef = A30F00000000000000000001 /* SearchRankTheme.swift */; };
		A30B00000000000000000002 /* SearchRankCardView.swift in Sources */ = {isa = PBXBuildFile; fileRef = A30F00000000000000000002 /* SearchRankCardView.swift */; };
		A30B00000000000000000003 /* SearchRankingPager.swift in Sources */ = {isa = PBXBuildFile; fileRef = A30F00000000000000000003 /* SearchRankingPager.swift */; };
		A41016AFF966DD48067E8DC1 /* SearchDefaultView.swift in Sources */ = {isa = PBXBuildFile; fileRef = D8EC9E6C0320ECBC023B4E17 /* SearchDefaultView.swift */; };
		A904D3F3D117CE6F5C9FE9C4 /* ProfileView.swift in Sources */ = {isa = PBXBuildFile; fileRef = BFF861F910EFAE987BF1A60D /* ProfileView.swift */; };
		A925386114185EA02BD70324 /* NavigationRoutes.swift in Sources */ = {isa = PBXBuildFile; fileRef = DD5AB7221591FB4CB7E7C3A6 /* NavigationRoutes.swift */; };
		A97478AD4830248EE21D0AF4 /* SubtitleParser.swift in Sources */ = {isa = PBXBuildFile; fileRef = 352DAC99DF7A5862ABF44ADA /* SubtitleParser.swift */; };
		A9AA6BDCE7525C01ABC19F01 /* API/SeriesEpisodesResponseDTO.swift in Sources */ = {isa = PBXBuildFile; fileRef = 5A96C2B4E2AC50B8B17D50FC /* API/SeriesEpisodesResponseDTO.swift */; };
		ADA87D600B71591BC2FD8B39 /* FavoritesViewModel.swift in Sources */ = {isa = PBXBuildFile; fileRef = 74EC96B2706A84FEC688480B /* FavoritesViewModel.swift */; };
		AF1F1E6BE75AEAA424EFA93B /* AppStore.swift in Sources */ = {isa = PBXBuildFile; fileRef = 0F9EDAF9DACFC07CD81B6706 /* AppStore.swift */; };
		AF577A0A561BC8893C579778 /* AdCardView.swift in Sources */ = {isa = PBXBuildFile; fileRef = D7EBAB6170EDA73DEF1AB939 /* AdCardView.swift */; };
		B2971FB6D19A7C6D5E972521 /* LoginView.swift in Sources */ = {isa = PBXBuildFile; fileRef = A106541F2F7ED6FD93A122F4 /* LoginView.swift */; };
		B2B7763C3F01AC8F8B1FECE8 /* Extensions.swift in Sources */ = {isa = PBXBuildFile; fileRef = A473A2297B9A58E144BAFECD /* Extensions.swift */; };
		B336F51F917B972D2E94488D /* PlayerResourceLoaderDelegate.swift in Sources */ = {isa = PBXBuildFile; fileRef = CE171218A2C10E4C0D56A9F5 /* PlayerResourceLoaderDelegate.swift */; };
		BB2E3EA9A9D00C60F41D13CD /* ThemeManager.swift in Sources */ = {isa = PBXBuildFile; fileRef = A0FD5F1BB5A7F6098060F58C /* ThemeManager.swift */; };
		BB620C8D87AB1D3DCD9E9469 /* RulePopupView.swift in Sources */ = {isa = PBXBuildFile; fileRef = 614217FBE8E7FD906F0E7F17 /* RulePopupView.swift */; };
		BBB34C8BA2205B2AF5B4DBFD /* DiscoveryAnalyticsReporter.swift in Sources */ = {isa = PBXBuildFile; fileRef = 277346538B6648A759C70FD9 /* DiscoveryAnalyticsReporter.swift */; };
		BD62F14F9F5854A4669A9515 /* APIEndpoint.swift in Sources */ = {isa = PBXBuildFile; fileRef = 4BF71E8082163CE2F05D8E65 /* APIEndpoint.swift */; };
		C1D76D631694C10F3B7D91D8 /* HomeViewModel.swift in Sources */ = {isa = PBXBuildFile; fileRef = E1B75AD8D686D57AB9CDC758 /* HomeViewModel.swift */; };
		C338F43626F4160B5B35BD86 /* GoogleMobileAds in Frameworks */ = {isa = PBXBuildFile; productRef = 945B30FA95757C96CC22C8F1 /* GoogleMobileAds */; };
		C3846580A6769F859B9D7406 /* AdService.swift in Sources */ = {isa = PBXBuildFile; fileRef = FF389AD770099338D3F8AAF2 /* AdService.swift */; };
		C6680317189D82D2B9397409 /* StoreKitManager.swift in Sources */ = {isa = PBXBuildFile; fileRef = DF4A121A77EFE00386139727 /* StoreKitManager.swift */; };
		CAD19E0F63784384B4057737 /* ProfileDestinations.swift in Sources */ = {isa = PBXBuildFile; fileRef = 408582F2968E474DADC30E92 /* ProfileDestinations.swift */; };
		CD9E95D7080A87ABF29CF072 /* RewardedAdView.swift in Sources */ = {isa = PBXBuildFile; fileRef = BD821FD282081AB98852E2AF /* RewardedAdView.swift */; };
		CE8C90F42794FBBC8959AE3F /* Logger.swift in Sources */ = {isa = PBXBuildFile; fileRef = 1CB78105AC58D39EA2526A89 /* Logger.swift */; };
		CEDC26B856AE55F0A2AD1160 /* RealDetailRepository.swift in Sources */ = {isa = PBXBuildFile; fileRef = 065FBCC273B75CBF80F7AD47 /* RealDetailRepository.swift */; };
		D443C19FB03F5FAC37C37AC9 /* PlayerSlotPool.swift in Sources */ = {isa = PBXBuildFile; fileRef = 168FB1E2BB472B3B8D7E7253 /* PlayerSlotPool.swift */; };
		D69868C98C54B6D60C649FEF /* MockAPIRepository.swift in Sources */ = {isa = PBXBuildFile; fileRef = 83FB8814D1C728B6ACFF446E /* MockAPIRepository.swift */; };
		D7D9F92CE08942F48FE5B6C4 /* MemberModels.swift in Sources */ = {isa = PBXBuildFile; fileRef = 0797BAFECB9547DD90CE90AE /* MemberModels.swift */; };
		DCD3189B09FF55E88489DE59 /* HomeCategory.swift in Sources */ = {isa = PBXBuildFile; fileRef = D6B6494EE4F755429B7FD0B2 /* HomeCategory.swift */; };
		DD864AAF8CA99672E1AF0004 /* DiscoveryAnalyticsClient.swift in Sources */ = {isa = PBXBuildFile; fileRef = FEFF42259D3447CB27B0DC6E /* DiscoveryAnalyticsClient.swift */; };
		E09FFD1FC4CA5F27B337582E /* DTO/APIResponseEnvelope.swift in Sources */ = {isa = PBXBuildFile; fileRef = 7E6FBCCA53315987A7ADE8A3 /* DTO/APIResponseEnvelope.swift */; };
		E0F0A47B6CF65DF99FE3A0D0 /* Debug/DebugSettingsView.swift in Sources */ = {isa = PBXBuildFile; fileRef = EFCC81788679592EBF64CF9F /* Debug/DebugSettingsView.swift */; };
		E4C662B328DF8B393E7610D4 /* RecommendView.swift in Sources */ = {isa = PBXBuildFile; fileRef = FC0C433189F580254B652F5E /* RecommendView.swift */; };
		E792C7488A231F2C32982561 /* RankViewModel.swift in Sources */ = {isa = PBXBuildFile; fileRef = F62A13729B07323D111A15BA /* RankViewModel.swift */; };
		E7A505695884140250DD7CAD /* CoinPurchaseSheet.swift in Sources */ = {isa = PBXBuildFile; fileRef = 4F489C7DA1AC261114BF1CA0 /* CoinPurchaseSheet.swift */; };
		E7FFE811FDC95A4F80C7A654 /* API/ForYouFeedResponseDTO.swift in Sources */ = {isa = PBXBuildFile; fileRef = CE297A7165A55E68BFCB9FA6 /* API/ForYouFeedResponseDTO.swift */; };
		EAED2751AE505BF8D3469214 /* DramaBoxPosterCard.swift in Sources */ = {isa = PBXBuildFile; fileRef = E716B05349D983BF79D85F66 /* DramaBoxPosterCard.swift */; };
		EBC20B06EACB0E62DACEDCA3 /* LocalizationHelper.swift in Sources */ = {isa = PBXBuildFile; fileRef = AE238EBAE393E9E9AAF06A07 /* LocalizationHelper.swift */; };
		EC43C2384ABDEDCE727009FF /* SearchViewModel.swift in Sources */ = {isa = PBXBuildFile; fileRef = E1C554E2B8C118B0AF09D99C /* SearchViewModel.swift */; };
		EC449F079CD25D1C00AF5D6F /* SharedComponents.swift in Sources */ = {isa = PBXBuildFile; fileRef = 3E062C5AE506CB3FC932836A /* SharedComponents.swift */; };
		ECCF20624BBB95D5CC561F85 /* User.swift in Sources */ = {isa = PBXBuildFile; fileRef = 6734F3AADD3FC80F4E33192D /* User.swift */; };
		ED523DCF8E19074DB9CE3EEF /* RankView.swift in Sources */ = {isa = PBXBuildFile; fileRef = 3A3CC604DBFCEE5E5B9E077C /* RankView.swift */; };
		F1A23B000000000000000001 /* API/UserProfileResponseDTO.swift in Sources */ = {isa = PBXBuildFile; fileRef = F1A23B000000000000000002 /* API/UserProfileResponseDTO.swift */; };
		F1A23B000000000000000003 /* RealProfileRepository.swift in Sources */ = {isa = PBXBuildFile; fileRef = F1A23B000000000000000004 /* RealProfileRepository.swift */; };
		F675DC72662B935D840C12B4 /* SubtitleRenderer.swift in Sources */ = {isa = PBXBuildFile; fileRef = E419E4384060BF195ED3C9DF /* SubtitleRenderer.swift */; };
		FB1270575E45544AA548243B /* RealSearchRepository.swift in Sources */ = {isa = PBXBuildFile; fileRef = 3E07DF14795E56458A576B7D /* RealSearchRepository.swift */; };
		FC841D8C8509F712A341D3E8 /* ShareSheet.swift in Sources */ = {isa = PBXBuildFile; fileRef = 84A18DCB4AC5C2EA9ACBB0D8 /* ShareSheet.swift */; };
		FD1C40888BB779A0CA0078DF /* FavoritesView.swift in Sources */ = {isa = PBXBuildFile; fileRef = D7B5D6833951FB561F5C8BC0 /* FavoritesView.swift */; };
		T31A00100000000000000001 /* WatchProgressReport.swift in Sources */ = {isa = PBXBuildFile; fileRef = T31A00200000000000000002 /* WatchProgressReport.swift */; };
		T31A00300000000000000003 /* FavoritesResponseDTO.swift in Sources */ = {isa = PBXBuildFile; fileRef = T31A00400000000000000004 /* FavoritesResponseDTO.swift */; };
		T31A00500000000000000005 /* RealFavoritesRepository.swift in Sources */ = {isa = PBXBuildFile; fileRef = T31A00600000000000000006 /* RealFavoritesRepository.swift */; };
		T31A00700000000000000007 /* BookmarkStore.swift in Sources */ = {isa = PBXBuildFile; fileRef = T31A00800000000000000008 /* BookmarkStore.swift */; };
		T31A00900000000000000009 /* WatchProgressReporter.swift in Sources */ = {isa = PBXBuildFile; fileRef = T31A01000000000000000010 /* WatchProgressReporter.swift */; };
/* End PBXBuildFile section */

/* Begin PBXContainerItemProxy section */
		AAAA5DED2FF18EFF00153BF7 /* PBXContainerItemProxy */ = {
			isa = PBXContainerItemProxy;
			containerPortal = CE0A440451637C12944B16AC /* Project object */;
			proxyType = 1;
			remoteGlobalIDString = 6AF8E8CF85EC9647DF04B721;
			remoteInfo = RelaxShort;
		};
/* End PBXContainerItemProxy section */

/* Begin PBXFileReference section */
		033FA10CEF10A18521342010 /* ja */ = {isa = PBXFileReference; lastKnownFileType = text.plist.strings; name = ja; path = ja.lproj/Localizable.strings; sourceTree = "<group>"; };
		04B19A3AE124A47F723E734F /* Info.plist */ = {isa = PBXFileReference; lastKnownFileType = text.plist; path = Info.plist; sourceTree = "<group>"; };
		065FBCC273B75CBF80F7AD47 /* RealDetailRepository.swift */ = {isa = PBXFileReference; lastKnownFileType = sourcecode.swift; path = RealDetailRepository.swift; sourceTree = "<group>"; };
		0797BAFECB9547DD90CE90AE /* MemberModels.swift */ = {isa = PBXFileReference; lastKnownFileType = sourcecode.swift; name = MemberModels.swift; path = RelaxShort/Models/MemberModels.swift; sourceTree = SOURCE_ROOT; };
		0F907B906FB605748F73151A /* TopToolbarView.swift */ = {isa = PBXFileReference; lastKnownFileType = sourcecode.swift; path = TopToolbarView.swift; sourceTree = "<group>"; };
		0F9EDAF9DACFC07CD81B6706 /* AppStore.swift */ = {isa = PBXFileReference; lastKnownFileType = sourcecode.swift; path = AppStore.swift; sourceTree = "<group>"; };
		142D16FA5DD46D6AC295A967 /* StorageService.swift */ = {isa = PBXFileReference; lastKnownFileType = sourcecode.swift; path = StorageService.swift; sourceTree = "<group>"; };
		A34F00000000000000000001 /* AuthModels.swift */ = {isa = PBXFileReference; lastKnownFileType = sourcecode.swift; name = AuthModels.swift; path = RelaxShort/Core/Auth/AuthModels.swift; sourceTree = SOURCE_ROOT; };
		A34F00000000000000000002 /* AuthKeychainStore.swift */ = {isa = PBXFileReference; lastKnownFileType = sourcecode.swift; name = AuthKeychainStore.swift; path = RelaxShort/Core/Auth/AuthKeychainStore.swift; sourceTree = SOURCE_ROOT; };
		A34F00000000000000000003 /* AuthSessionCoordinator.swift */ = {isa = PBXFileReference; lastKnownFileType = sourcecode.swift; name = AuthSessionCoordinator.swift; path = RelaxShort/Core/Auth/AuthSessionCoordinator.swift; sourceTree = SOURCE_ROOT; };
		A34F00000000000000000004 /* GoogleOAuthClient.swift */ = {isa = PBXFileReference; lastKnownFileType = sourcecode.swift; name = GoogleOAuthClient.swift; path = RelaxShort/Core/Auth/GoogleOAuthClient.swift; sourceTree = SOURCE_ROOT; };
		A34F00000000000000000005 /* RealAuthRepository.swift */ = {isa = PBXFileReference; lastKnownFileType = sourcecode.swift; name = RealAuthRepository.swift; path = RelaxShort/Core/Services/RealAuthRepository.swift; sourceTree = SOURCE_ROOT; };
		A34F00000000000000000006 /* AuthResponseDTO.swift */ = {isa = PBXFileReference; lastKnownFileType = sourcecode.swift; name = AuthResponseDTO.swift; path = RelaxShort/Models/API/AuthResponseDTO.swift; sourceTree = SOURCE_ROOT; };
		158EE04959229D92A979E900 /* es */ = {isa = PBXFileReference; lastKnownFileType = text.plist.strings; name = es; path = es.lproj/Localizable.strings; sourceTree = "<group>"; };
		162A3AA839324704A0A1F73C /* ShortVideoPlayerEngine.swift */ = {isa = PBXFileReference; lastKnownFileType = sourcecode.swift; path = ShortVideoPlayerEngine.swift; sourceTree = "<group>"; };
		168FB1E2BB472B3B8D7E7253 /* PlayerSlotPool.swift */ = {isa = PBXFileReference; lastKnownFileType = sourcecode.swift; path = PlayerSlotPool.swift; sourceTree = "<group>"; };
		173DC61A9CC85DAEB9CFD0ED /* RealHomeRepository.swift */ = {isa = PBXFileReference; lastKnownFileType = sourcecode.swift; path = RealHomeRepository.swift; sourceTree = "<group>"; };
		185258248DA764936F58AAB2 /* PlayerMediaModels.swift */ = {isa = PBXFileReference; lastKnownFileType = sourcecode.swift; path = PlayerMediaModels.swift; sourceTree = "<group>"; };
		1BA3C9940AA462BEC7178DF7 /* VIPModels.swift */ = {isa = PBXFileReference; lastKnownFileType = sourcecode.swift; path = VIPModels.swift; sourceTree = "<group>"; };
		1C914768BFFF4524641958E9 /* RankingEntry.swift */ = {isa = PBXFileReference; lastKnownFileType = sourcecode.swift; name = RankingEntry.swift; path = RelaxShort/Models/RankingEntry.swift; sourceTree = SOURCE_ROOT; };
		1CB78105AC58D39EA2526A89 /* Logger.swift */ = {isa = PBXFileReference; lastKnownFileType = sourcecode.swift; path = Logger.swift; sourceTree = "<group>"; };
		1D6EBAF9C05520F4159DE62D /* ar */ = {isa = PBXFileReference; lastKnownFileType = text.plist.strings; name = ar; path = ar.lproj/Localizable.strings; sourceTree = "<group>"; };
		269FBED9CF59F2BA493D077E /* DramaBoxSheetChrome.swift */ = {isa = PBXFileReference; lastKnownFileType = sourcecode.swift; path = DramaBoxSheetChrome.swift; sourceTree = "<group>"; };
		277346538B6648A759C70FD9 /* DiscoveryAnalyticsReporter.swift */ = {isa = PBXFileReference; lastKnownFileType = sourcecode.swift; name = DiscoveryAnalyticsReporter.swift; path = RelaxShort/Core/Analytics/DiscoveryAnalyticsReporter.swift; sourceTree = SOURCE_ROOT; };
		27BBDB51E8C0B12ADF735809 /* ProfileViewModel.swift */ = {isa = PBXFileReference; lastKnownFileType = sourcecode.swift; path = ProfileViewModel.swift; sourceTree = "<group>"; };
		28899AC8C3E62CAF6EF737A4 /* SearchView.swift */ = {isa = PBXFileReference; lastKnownFileType = sourcecode.swift; path = SearchView.swift; sourceTree = "<group>"; };
		28CC60ED9149EC7216080A8B /* RightActionBar.swift */ = {isa = PBXFileReference; lastKnownFileType = sourcecode.swift; path = RightActionBar.swift; sourceTree = "<group>"; };
		2E94422D6C246A49C3BBEFCF /* DependencyContainer.swift */ = {isa = PBXFileReference; lastKnownFileType = sourcecode.swift; path = DependencyContainer.swift; sourceTree = "<group>"; };
		33FF53CF2CD4F740B93648B2 /* PlayerRecoveryController.swift */ = {isa = PBXFileReference; lastKnownFileType = sourcecode.swift; path = PlayerRecoveryController.swift; sourceTree = "<group>"; };
		352DAC99DF7A5862ABF44ADA /* SubtitleParser.swift */ = {isa = PBXFileReference; lastKnownFileType = sourcecode.swift; path = SubtitleParser.swift; sourceTree = "<group>"; };
		369DBB3ED6B5D26D448FA5A9 /* VideoPlayerView.swift */ = {isa = PBXFileReference; lastKnownFileType = sourcecode.swift; path = VideoPlayerView.swift; sourceTree = "<group>"; };
		3A3CC604DBFCEE5E5B9E077C /* RankView.swift */ = {isa = PBXFileReference; lastKnownFileType = sourcecode.swift; path = RankView.swift; sourceTree = "<group>"; };
		3ACE4BF9A6467F42C0968C1D /* RankingResponseDTO.swift */ = {isa = PBXFileReference; lastKnownFileType = sourcecode.swift; name = RankingResponseDTO.swift; path = RelaxShort/Models/API/RankingResponseDTO.swift; sourceTree = SOURCE_ROOT; };
		3BD817497A3D172F4436C753 /* HTTPRangeMediaCache.swift */ = {isa = PBXFileReference; lastKnownFileType = sourcecode.swift; path = HTTPRangeMediaCache.swift; sourceTree = "<group>"; };
		3C29B2906A8A40C19941B29F /* HomeSectionComponents.swift */ = {isa = PBXFileReference; lastKnownFileType = sourcecode.swift; path = HomeSectionComponents.swift; sourceTree = "<group>"; };
		3E062C5AE506CB3FC932836A /* SharedComponents.swift */ = {isa = PBXFileReference; lastKnownFileType = sourcecode.swift; path = SharedComponents.swift; sourceTree = "<group>"; };
		3E07DF14795E56458A576B7D /* RealSearchRepository.swift */ = {isa = PBXFileReference; lastKnownFileType = sourcecode.swift; path = RealSearchRepository.swift; sourceTree = "<group>"; };
		3F30DE30D08251279912E670 /* RealAdService.swift */ = {isa = PBXFileReference; lastKnownFileType = sourcecode.swift; path = RealAdService.swift; sourceTree = "<group>"; };
		408582F2968E474DADC30E92 /* ProfileDestinations.swift */ = {isa = PBXFileReference; lastKnownFileType = sourcecode.swift; name = ProfileDestinations.swift; path = RelaxShort/Views/Profile/ProfileDestinations.swift; sourceTree = SOURCE_ROOT; };
		457158D3B20C8360F9FE045F /* DramaItem.swift */ = {isa = PBXFileReference; lastKnownFileType = sourcecode.swift; path = DramaItem.swift; sourceTree = "<group>"; };
		45C2B9C4EFA543902B3CA1D1 /* en */ = {isa = PBXFileReference; lastKnownFileType = text.plist.strings; name = en; path = en.lproj/Localizable.strings; sourceTree = "<group>"; };
		4BF71E8082163CE2F05D8E65 /* APIEndpoint.swift */ = {isa = PBXFileReference; lastKnownFileType = sourcecode.swift; path = APIEndpoint.swift; sourceTree = "<group>"; };
		4E4D8688900319881D81FB88 /* ExitGuidePopupView.swift */ = {isa = PBXFileReference; lastKnownFileType = sourcecode.swift; path = ExitGuidePopupView.swift; sourceTree = "<group>"; };
		4F489C7DA1AC261114BF1CA0 /* CoinPurchaseSheet.swift */ = {isa = PBXFileReference; lastKnownFileType = sourcecode.swift; path = CoinPurchaseSheet.swift; sourceTree = "<group>"; };
		57B73D1F27373372450CDDB7 /* BannerCarouselViewModel.swift */ = {isa = PBXFileReference; lastKnownFileType = sourcecode.swift; path = BannerCarouselViewModel.swift; sourceTree = "<group>"; };
		59DE53B2962106BFD119821C /* NetworkError.swift */ = {isa = PBXFileReference; lastKnownFileType = sourcecode.swift; path = NetworkError.swift; sourceTree = "<group>"; };
		5A96C2B4E2AC50B8B17D50FC /* API/SeriesEpisodesResponseDTO.swift */ = {isa = PBXFileReference; lastKnownFileType = sourcecode.swift; path = API/SeriesEpisodesResponseDTO.swift; sourceTree = "<group>"; };
		5D8EDBD506501279A0BBE11E /* DesignToken.swift */ = {isa = PBXFileReference; lastKnownFileType = sourcecode.swift; path = DesignToken.swift; sourceTree = "<group>"; };
		5DCCCF0A8A63420F846E6A38 /* RealMemberRepository.swift */ = {isa = PBXFileReference; lastKnownFileType = sourcecode.swift; name = RealMemberRepository.swift; path = RelaxShort/Core/Services/RealMemberRepository.swift; sourceTree = SOURCE_ROOT; };
		5E638B042AF7EB7EEEB410B2 /* ShortVideoPlayerView.swift */ = {isa = PBXFileReference; lastKnownFileType = sourcecode.swift; path = ShortVideoPlayerView.swift; sourceTree = "<group>"; };
		614217FBE8E7FD906F0E7F17 /* RulePopupView.swift */ = {isa = PBXFileReference; lastKnownFileType = sourcecode.swift; path = RulePopupView.swift; sourceTree = "<group>"; };
		6734F3AADD3FC80F4E33192D /* User.swift */ = {isa = PBXFileReference; lastKnownFileType = sourcecode.swift; path = User.swift; sourceTree = "<group>"; };
		6E8B492474AFC12A03F97878 /* RelaxShort.app */ = {isa = PBXFileReference; includeInIndex = 0; lastKnownFileType = wrapper.application; path = RelaxShort.app; sourceTree = BUILT_PRODUCTS_DIR; };
		74EC96B2706A84FEC688480B /* FavoritesViewModel.swift */ = {isa = PBXFileReference; lastKnownFileType = sourcecode.swift; path = FavoritesViewModel.swift; sourceTree = "<group>"; };
		796597558E1D7B3BE7678413 /* CoinRewardViewModel.swift */ = {isa = PBXFileReference; lastKnownFileType = sourcecode.swift; path = CoinRewardViewModel.swift; sourceTree = "<group>"; };
		7B070006A2A02CF44DB37D2A /* SpeedHUDView.swift */ = {isa = PBXFileReference; lastKnownFileType = sourcecode.swift; path = SpeedHUDView.swift; sourceTree = "<group>"; };
		7BC0029E1B4A5E50A277A299 /* AppInitService.swift */ = {isa = PBXFileReference; lastKnownFileType = sourcecode.swift; path = AppInitService.swift; sourceTree = "<group>"; };
		7E6FBCCA53315987A7ADE8A3 /* DTO/APIResponseEnvelope.swift */ = {isa = PBXFileReference; lastKnownFileType = sourcecode.swift; path = DTO/APIResponseEnvelope.swift; sourceTree = "<group>"; };
		7F346D49AC21BBB76750BDC4 /* PlayerItemFactory.swift */ = {isa = PBXFileReference; lastKnownFileType = sourcecode.swift; path = PlayerItemFactory.swift; sourceTree = "<group>"; };
		816C2A833938C5A1359FED73 /* RepositoryProtocols.swift */ = {isa = PBXFileReference; lastKnownFileType = sourcecode.swift; path = RepositoryProtocols.swift; sourceTree = "<group>"; };
		83FB8814D1C728B6ACFF446E /* MockAPIRepository.swift */ = {isa = PBXFileReference; lastKnownFileType = sourcecode.swift; path = MockAPIRepository.swift; sourceTree = "<group>"; };
		84A18DCB4AC5C2EA9ACBB0D8 /* ShareSheet.swift */ = {isa = PBXFileReference; lastKnownFileType = sourcecode.swift; path = ShareSheet.swift; sourceTree = "<group>"; };
		85C47C44A64449764305DA46 /* Assets.xcassets */ = {isa = PBXFileReference; lastKnownFileType = folder.assetcatalog; path = Assets.xcassets; sourceTree = "<group>"; };
		86D8BBC63EA44177801BB30D /* MemberViewModel.swift */ = {isa = PBXFileReference; lastKnownFileType = sourcecode.swift; name = MemberViewModel.swift; path = RelaxShort/ViewModels/MemberViewModel.swift; sourceTree = SOURCE_ROOT; };
		89C8F67782EEB85783956169 /* LoginViewModel.swift */ = {isa = PBXFileReference; lastKnownFileType = sourcecode.swift; path = LoginViewModel.swift; sourceTree = "<group>"; };
		89D0D2E9DBA64EE1932616C6 /* PlayerCoordinator.swift */ = {isa = PBXFileReference; lastKnownFileType = sourcecode.swift; path = PlayerCoordinator.swift; sourceTree = "<group>"; };
		8ACD6CD70E7C49D0BFE32D57 /* PlayerOptionSheets.swift */ = {isa = PBXFileReference; lastKnownFileType = sourcecode.swift; path = PlayerOptionSheets.swift; sourceTree = "<group>"; };
		8BB2B6C624119C5300B98C55 /* RecommendViewModel.swift */ = {isa = PBXFileReference; lastKnownFileType = sourcecode.swift; path = RecommendViewModel.swift; sourceTree = "<group>"; };
		9284B7B09C619F1A83F6B3A0 /* zh-Hans */ = {isa = PBXFileReference; lastKnownFileType = text.plist.strings; name = "zh-Hans"; path = "zh-Hans.lproj/Localizable.strings"; sourceTree = "<group>"; };
		92BA45403A687DDCFEC0BFB2 /* ImageLoader.swift */ = {isa = PBXFileReference; lastKnownFileType = sourcecode.swift; path = ImageLoader.swift; sourceTree = "<group>"; };
		96DD43518DDDC1E3D0CCED7E /* DiscoveryEvent.swift */ = {isa = PBXFileReference; lastKnownFileType = sourcecode.swift; name = DiscoveryEvent.swift; path = RelaxShort/Core/Analytics/DiscoveryEvent.swift; sourceTree = SOURCE_ROOT; };
		98E39F7A910562916DBA1719 /* ko */ = {isa = PBXFileReference; lastKnownFileType = text.plist.strings; name = ko; path = ko.lproj/Localizable.strings; sourceTree = "<group>"; };
		9A6777B6A51E8C56A292B546 /* zh-Hant */ = {isa = PBXFileReference; lastKnownFileType = text.plist.strings; name = "zh-Hant"; path = "zh-Hant.lproj/Localizable.strings"; sourceTree = "<group>"; };
		9ED81DB54F17A1B659CA8CAA /* DramaBoxSectionHeader.swift */ = {isa = PBXFileReference; lastKnownFileType = sourcecode.swift; path = DramaBoxSectionHeader.swift; sourceTree = "<group>"; };
		9EE6686338A9B5C9165091C3 /* MainTabView.swift */ = {isa = PBXFileReference; lastKnownFileType = sourcecode.swift; path = MainTabView.swift; sourceTree = "<group>"; };
		A0FD5F1BB5A7F6098060F58C /* ThemeManager.swift */ = {isa = PBXFileReference; lastKnownFileType = sourcecode.swift; path = ThemeManager.swift; sourceTree = "<group>"; };
		A106541F2F7ED6FD93A122F4 /* LoginView.swift */ = {isa = PBXFileReference; lastKnownFileType = sourcecode.swift; path = LoginView.swift; sourceTree = "<group>"; };
		A2917162BA77C9AFCC147AD4 /* CoinStore.swift */ = {isa = PBXFileReference; lastKnownFileType = sourcecode.swift; path = CoinStore.swift; sourceTree = "<group>"; };
		A2A4E84BF38F1E7454707A70 /* AuthStore.swift */ = {isa = PBXFileReference; lastKnownFileType = sourcecode.swift; path = AuthStore.swift; sourceTree = "<group>"; };
		A30F00000000000000000001 /* SearchRankTheme.swift */ = {isa = PBXFileReference; lastKnownFileType = sourcecode.swift; path = SearchRankTheme.swift; sourceTree = "<group>"; };
		A30F00000000000000000002 /* SearchRankCardView.swift */ = {isa = PBXFileReference; lastKnownFileType = sourcecode.swift; path = SearchRankCardView.swift; sourceTree = "<group>"; };
		A30F00000000000000000003 /* SearchRankingPager.swift */ = {isa = PBXFileReference; lastKnownFileType = sourcecode.swift; path = SearchRankingPager.swift; sourceTree = "<group>"; };
		A473A2297B9A58E144BAFECD /* Extensions.swift */ = {isa = PBXFileReference; lastKnownFileType = sourcecode.swift; path = Extensions.swift; sourceTree = "<group>"; };
		AA1D03A03D2000E5D75B2B15 /* PlayerComponents.swift */ = {isa = PBXFileReference; lastKnownFileType = sourcecode.swift; path = PlayerComponents.swift; sourceTree = "<group>"; };
		AAAA5DE92FF18EFF00153BF7 /* RelaxShortTests.xctest */ = {isa = PBXFileReference; explicitFileType = wrapper.cfbundle; includeInIndex = 0; path = RelaxShortTests.xctest; sourceTree = BUILT_PRODUCTS_DIR; };
		ABE66037A6F14B1FA8BA0DA9 /* MemberResponseDTO.swift */ = {isa = PBXFileReference; lastKnownFileType = sourcecode.swift; name = MemberResponseDTO.swift; path = RelaxShort/Models/API/MemberResponseDTO.swift; sourceTree = SOURCE_ROOT; };
		AE238EBAE393E9E9AAF06A07 /* LocalizationHelper.swift */ = {isa = PBXFileReference; lastKnownFileType = sourcecode.swift; path = LocalizationHelper.swift; sourceTree = "<group>"; };
		AEFA922168678A653E36A49B /* Base */ = {isa = PBXFileReference; lastKnownFileType = text.plist.strings; name = Base; path = Base.lproj/Localizable.strings; sourceTree = "<group>"; };
		B283C7770DFE5035A2A801EA /* AdConfig.swift */ = {isa = PBXFileReference; lastKnownFileType = sourcecode.swift; path = AdConfig.swift; sourceTree = "<group>"; };
		B5D7863E117B7187FC4A21A6 /* SplashView.swift */ = {isa = PBXFileReference; lastKnownFileType = sourcecode.swift; path = SplashView.swift; sourceTree = "<group>"; };
		B63560DCD0A454C5BE878E22 /* API/AppInitResponseDTO.swift */ = {isa = PBXFileReference; lastKnownFileType = sourcecode.swift; path = API/AppInitResponseDTO.swift; sourceTree = "<group>"; };
		B64486253ECEA99A6C9EFD17 /* CoinTask.swift */ = {isa = PBXFileReference; lastKnownFileType = sourcecode.swift; path = CoinTask.swift; sourceTree = "<group>"; };
		BD821FD282081AB98852E2AF /* RewardedAdView.swift */ = {isa = PBXFileReference; lastKnownFileType = sourcecode.swift; path = RewardedAdView.swift; sourceTree = "<group>"; };
		BDA4BA0E4DC46492199EAA48 /* DSComponents.swift */ = {isa = PBXFileReference; lastKnownFileType = sourcecode.swift; path = DSComponents.swift; sourceTree = "<group>"; };
		BEC6A1E31F7E8E0BABDB1520 /* WatchHistory.swift */ = {isa = PBXFileReference; lastKnownFileType = sourcecode.swift; path = WatchHistory.swift; sourceTree = "<group>"; };
		BFF861F910EFAE987BF1A60D /* ProfileView.swift */ = {isa = PBXFileReference; lastKnownFileType = sourcecode.swift; path = ProfileView.swift; sourceTree = "<group>"; };
		C0FBCC165022E5CCB45EA6E8 /* APIClient.swift */ = {isa = PBXFileReference; lastKnownFileType = sourcecode.swift; path = APIClient.swift; sourceTree = "<group>"; };
		C15E0ECC75DBFD47BDC8BF48 /* CoinRewardView.swift */ = {isa = PBXFileReference; lastKnownFileType = sourcecode.swift; path = CoinRewardView.swift; sourceTree = "<group>"; };
		C2ECC6D89B539AE9E9C77C64 /* SearchDefaultViewModel.swift */ = {isa = PBXFileReference; lastKnownFileType = sourcecode.swift; path = SearchDefaultViewModel.swift; sourceTree = "<group>"; };
		C9E72EDFAD26B4E491CBF588 /* Bookmark.swift */ = {isa = PBXFileReference; lastKnownFileType = sourcecode.swift; path = Bookmark.swift; sourceTree = "<group>"; };
		CE171218A2C10E4C0D56A9F5 /* PlayerResourceLoaderDelegate.swift */ = {isa = PBXFileReference; lastKnownFileType = sourcecode.swift; path = PlayerResourceLoaderDelegate.swift; sourceTree = "<group>"; };
		CE297A7165A55E68BFCB9FA6 /* API/ForYouFeedResponseDTO.swift */ = {isa = PBXFileReference; lastKnownFileType = sourcecode.swift; path = API/ForYouFeedResponseDTO.swift; sourceTree = "<group>"; };
		CF9FFC0A7E27520F831C0B29 /* RealAPISmokeRunner.swift */ = {isa = PBXFileReference; lastKnownFileType = sourcecode.swift; path = RealAPISmokeRunner.swift; sourceTree = "<group>"; };
		D20FD7A3399158EFA990DE36 /* API/PlayerMediaSource.swift */ = {isa = PBXFileReference; lastKnownFileType = sourcecode.swift; path = API/PlayerMediaSource.swift; sourceTree = "<group>"; };
		D253297B8A9E0DBCD3F63137 /* RelaxShortApp.swift */ = {isa = PBXFileReference; lastKnownFileType = sourcecode.swift; path = RelaxShortApp.swift; sourceTree = "<group>"; };
		D6239C7548EBE5D9DC91B774 /* ContentGridView.swift */ = {isa = PBXFileReference; lastKnownFileType = sourcecode.swift; path = ContentGridView.swift; sourceTree = "<group>"; };
		D6B6494EE4F755429B7FD0B2 /* HomeCategory.swift */ = {isa = PBXFileReference; lastKnownFileType = sourcecode.swift; path = HomeCategory.swift; sourceTree = "<group>"; };
		D7B5D6833951FB561F5C8BC0 /* FavoritesView.swift */ = {isa = PBXFileReference; lastKnownFileType = sourcecode.swift; path = FavoritesView.swift; sourceTree = "<group>"; };
		D7EBAB6170EDA73DEF1AB939 /* AdCardView.swift */ = {isa = PBXFileReference; lastKnownFileType = sourcecode.swift; path = AdCardView.swift; sourceTree = "<group>"; };
		D8EC9E6C0320ECBC023B4E17 /* SearchDefaultView.swift */ = {isa = PBXFileReference; lastKnownFileType = sourcecode.swift; path = SearchDefaultView.swift; sourceTree = "<group>"; };
		DD5AB7221591FB4CB7E7C3A6 /* NavigationRoutes.swift */ = {isa = PBXFileReference; lastKnownFileType = sourcecode.swift; path = NavigationRoutes.swift; sourceTree = "<group>"; };
		DE6BAACF8AF7E6C0BDECF3C3 /* RankDrama.swift */ = {isa = PBXFileReference; lastKnownFileType = sourcecode.swift; path = RankDrama.swift; sourceTree = "<group>"; };
		DF4A121A77EFE00386139727 /* StoreKitManager.swift */ = {isa = PBXFileReference; lastKnownFileType = sourcecode.swift; path = StoreKitManager.swift; sourceTree = "<group>"; };
		E1B75AD8D686D57AB9CDC758 /* HomeViewModel.swift */ = {isa = PBXFileReference; lastKnownFileType = sourcecode.swift; path = HomeViewModel.swift; sourceTree = "<group>"; };
		E1C554E2B8C118B0AF09D99C /* SearchViewModel.swift */ = {isa = PBXFileReference; lastKnownFileType = sourcecode.swift; path = SearchViewModel.swift; sourceTree = "<group>"; };
		E25E4818A70A3AC4A3C0FDAC /* InstallIdentityProvider.swift */ = {isa = PBXFileReference; lastKnownFileType = sourcecode.swift; name = InstallIdentityProvider.swift; path = RelaxShort/Core/Analytics/InstallIdentityProvider.swift; sourceTree = SOURCE_ROOT; };
		E29CB904700A50B3B6F1AEC7 /* RankCardView.swift */ = {isa = PBXFileReference; lastKnownFileType = sourcecode.swift; path = RankCardView.swift; sourceTree = "<group>"; };
		E419E4384060BF195ED3C9DF /* SubtitleRenderer.swift */ = {isa = PBXFileReference; lastKnownFileType = sourcecode.swift; path = SubtitleRenderer.swift; sourceTree = "<group>"; };
		E421576C8190BCF4CC8EFABD /* HomeView.swift */ = {isa = PBXFileReference; lastKnownFileType = sourcecode.swift; path = HomeView.swift; sourceTree = "<group>"; };
		E54D81D0D5B79D564CA914DC /* pt */ = {isa = PBXFileReference; lastKnownFileType = text.plist.strings; name = pt; path = pt.lproj/Localizable.strings; sourceTree = "<group>"; };
		E716B05349D983BF79D85F66 /* DramaBoxPosterCard.swift */ = {isa = PBXFileReference; lastKnownFileType = sourcecode.swift; path = DramaBoxPosterCard.swift; sourceTree = "<group>"; };
		E9F6A1269CCC563189D7AE7E /* DramaBoxBottomTabBar.swift */ = {isa = PBXFileReference; lastKnownFileType = sourcecode.swift; path = DramaBoxBottomTabBar.swift; sourceTree = "<group>"; };
		EA72F11F7C37C29470430D0F /* Episode.swift */ = {isa = PBXFileReference; lastKnownFileType = sourcecode.swift; path = Episode.swift; sourceTree = "<group>"; };
		EAB9B1695F125A9D9EB7B5A1 /* APIConfig.swift */ = {isa = PBXFileReference; lastKnownFileType = sourcecode.swift; path = APIConfig.swift; sourceTree = "<group>"; };
		EC39FF880BF54A0AB34DA75A /* MemberView.swift */ = {isa = PBXFileReference; lastKnownFileType = sourcecode.swift; name = MemberView.swift; path = RelaxShort/Views/Member/MemberView.swift; sourceTree = SOURCE_ROOT; };
		EFCC81788679592EBF64CF9F /* Debug/DebugSettingsView.swift */ = {isa = PBXFileReference; lastKnownFileType = sourcecode.swift; path = Debug/DebugSettingsView.swift; sourceTree = "<group>"; };
		F1A23B000000000000000002 /* API/UserProfileResponseDTO.swift */ = {isa = PBXFileReference; lastKnownFileType = sourcecode.swift; path = API/UserProfileResponseDTO.swift; sourceTree = "<group>"; };
		F1A23B000000000000000004 /* RealProfileRepository.swift */ = {isa = PBXFileReference; lastKnownFileType = sourcecode.swift; path = RealProfileRepository.swift; sourceTree = "<group>"; };
		F3CC05A2C81EA9C064D472E7 /* PlayerMetricsLogger.swift */ = {isa = PBXFileReference; lastKnownFileType = sourcecode.swift; path = PlayerMetricsLogger.swift; sourceTree = "<group>"; };
		F4539C92A78949F3A7C2630C /* ProfileMainComponents.swift */ = {isa = PBXFileReference; lastKnownFileType = sourcecode.swift; name = ProfileMainComponents.swift; path = RelaxShort/Views/Profile/ProfileMainComponents.swift; sourceTree = SOURCE_ROOT; };
		F568292E03F1FD0A10249AEA /* BannerCarouselView.swift */ = {isa = PBXFileReference; lastKnownFileType = sourcecode.swift; path = BannerCarouselView.swift; sourceTree = "<group>"; };
		F62A13729B07323D111A15BA /* RankViewModel.swift */ = {isa = PBXFileReference; lastKnownFileType = sourcecode.swift; path = RankViewModel.swift; sourceTree = "<group>"; };
		FC0C433189F580254B652F5E /* RecommendView.swift */ = {isa = PBXFileReference; lastKnownFileType = sourcecode.swift; path = RecommendView.swift; sourceTree = "<group>"; };
		FC6168F0CDBC3B3FE810F657 /* SeriesPlayerView.swift */ = {isa = PBXFileReference; lastKnownFileType = sourcecode.swift; path = SeriesPlayerView.swift; sourceTree = "<group>"; };
		FEFF42259D3447CB27B0DC6E /* DiscoveryAnalyticsClient.swift */ = {isa = PBXFileReference; lastKnownFileType = sourcecode.swift; name = DiscoveryAnalyticsClient.swift; path = RelaxShort/Core/Analytics/DiscoveryAnalyticsClient.swift; sourceTree = SOURCE_ROOT; };
		FF389AD770099338D3F8AAF2 /* AdService.swift */ = {isa = PBXFileReference; lastKnownFileType = sourcecode.swift; path = AdService.swift; sourceTree = "<group>"; };
		T31A00200000000000000002 /* WatchProgressReport.swift */ = {isa = PBXFileReference; lastKnownFileType = sourcecode.swift; path = WatchProgressReport.swift; sourceTree = "<group>"; };
		T31A00400000000000000004 /* FavoritesResponseDTO.swift */ = {isa = PBXFileReference; lastKnownFileType = sourcecode.swift; name = FavoritesResponseDTO.swift; path = RelaxShort/Models/API/FavoritesResponseDTO.swift; sourceTree = SOURCE_ROOT; };
		T31A00600000000000000006 /* RealFavoritesRepository.swift */ = {isa = PBXFileReference; lastKnownFileType = sourcecode.swift; path = RealFavoritesRepository.swift; sourceTree = "<group>"; };
		T31A00800000000000000008 /* BookmarkStore.swift */ = {isa = PBXFileReference; lastKnownFileType = sourcecode.swift; path = BookmarkStore.swift; sourceTree = "<group>"; };
		T31A01000000000000000010 /* WatchProgressReporter.swift */ = {isa = PBXFileReference; lastKnownFileType = sourcecode.swift; path = WatchProgressReporter.swift; sourceTree = "<group>"; };
/* End PBXFileReference section */

/* Begin PBXFileSystemSynchronizedRootGroup section */
		AAAA5DEA2FF18EFF00153BF7 /* RelaxShortTests */ = {
			isa = PBXFileSystemSynchronizedRootGroup;
			path = RelaxShortTests;
			sourceTree = "<group>";
		};
/* End PBXFileSystemSynchronizedRootGroup section */

/* Begin PBXFrameworksBuildPhase section */
		614BFD0D6EE453BA328CC9B1 /* Frameworks */ = {
			isa = PBXFrameworksBuildPhase;
			buildActionMask = 2147483647;
			files = (
				C338F43626F4160B5B35BD86 /* GoogleMobileAds in Frameworks */,
				A34B00000000000000000007 /* GoogleSignIn in Frameworks */,
				A34B00000000000000000008 /* GoogleSignInSwift in Frameworks */,
			);
			runOnlyForDeploymentPostprocessing = 0;
		};
		AAAA5DE62FF18EFF00153BF7 /* Frameworks */ = {
			isa = PBXFrameworksBuildPhase;
			buildActionMask = 2147483647;
			files = (
			);
			runOnlyForDeploymentPostprocessing = 0;
		};
/* End PBXFrameworksBuildPhase section */

/* Begin PBXGroup section */
		089B4B2CA7A67905359CAE33 /* Analytics */ = {
			isa = PBXGroup;
			children = (
				E25E4818A70A3AC4A3C0FDAC /* InstallIdentityProvider.swift */,
				96DD43518DDDC1E3D0CCED7E /* DiscoveryEvent.swift */,
				277346538B6648A759C70FD9 /* DiscoveryAnalyticsReporter.swift */,
				FEFF42259D3447CB27B0DC6E /* DiscoveryAnalyticsClient.swift */,
			);
			name = Analytics;
			sourceTree = "<group>";
		};
		0A0269FBCD2F2FC850DDA88C /* Core */ = {
			isa = PBXGroup;
			children = (
				5D8EDBD506501279A0BBE11E /* DesignToken.swift */,
				1CB78105AC58D39EA2526A89 /* Logger.swift */,
				A0FD5F1BB5A7F6098060F58C /* ThemeManager.swift */,
				5C29374A6E7484A2706B1824 /* Services */,
				FBAECB0A12FDC819AA0DBF64 /* Stores */,
				089B4B2CA7A67905359CAE33 /* Analytics */,
				T31A01100000000000000011 /* Playback */,
			);
			path = Core;
			sourceTree = "<group>";
		};
		0DA05FC4016A071474782419 /* ViewModels */ = {
			isa = PBXGroup;
			children = (
				74EC96B2706A84FEC688480B /* FavoritesViewModel.swift */,
				E1B75AD8D686D57AB9CDC758 /* HomeViewModel.swift */,
				27BBDB51E8C0B12ADF735809 /* ProfileViewModel.swift */,
				F62A13729B07323D111A15BA /* RankViewModel.swift */,
				C2ECC6D89B539AE9E9C77C64 /* SearchDefaultViewModel.swift */,
				E1C554E2B8C118B0AF09D99C /* SearchViewModel.swift */,
			);
			path = ViewModels;
			sourceTree = "<group>";
		};
		1A52DE16C2435C8CF47B691A /* Auth */ = {
			isa = PBXGroup;
			children = (
				A106541F2F7ED6FD93A122F4 /* LoginView.swift */,
				89C8F67782EEB85783956169 /* LoginViewModel.swift */,
			);
			path = Auth;
			sourceTree = "<group>";
		};
		1A7733AB42D1B020B7D3A3B4 /* RecommendPage */ = {
			isa = PBXGroup;
			children = (
				4E4D8688900319881D81FB88 /* ExitGuidePopupView.swift */,
				FC0C433189F580254B652F5E /* RecommendView.swift */,
				8BB2B6C624119C5300B98C55 /* RecommendViewModel.swift */,
				FC6168F0CDBC3B3FE810F657 /* SeriesPlayerView.swift */,
				8ACD6CD70E7C49D0BFE32D57 /* PlayerOptionSheets.swift */,
				84A18DCB4AC5C2EA9ACBB0D8 /* ShareSheet.swift */,
				7B070006A2A02CF44DB37D2A /* SpeedHUDView.swift */,
				369DBB3ED6B5D26D448FA5A9 /* VideoPlayerView.swift */,
			);
			path = RecommendPage;
			sourceTree = "<group>";
		};
		1EE0D2EE322025ED415228F1 = {
			isa = PBXGroup;
			children = (
				2E8C8396B7272A1BBA4E1DC2 /* RelaxShort */,
				AAAA5DEA2FF18EFF00153BF7 /* RelaxShortTests */,
				7ACAA7D6C835481FD46EAA02 /* Products */,
				AA26893D2FF8006C00DC844C /* Recovered References */,
			);
			sourceTree = "<group>";
		};
		2E8C8396B7272A1BBA4E1DC2 /* RelaxShort */ = {
			isa = PBXGroup;
			children = (
				85C47C44A64449764305DA46 /* Assets.xcassets */,
				04B19A3AE124A47F723E734F /* Info.plist */,
				697D6997052921210450F62E /* App */,
				0A0269FBCD2F2FC850DDA88C /* Core */,
				A2BCDBC3FD8E0721CDF48ABB /* Localizable.strings */,
				FC0F0F27A944BB9A2C75DECC /* Models */,
				E7392DF108CDD71ED853A42A /* PlayerKit */,
				4E2154E69743F1540045A6DD /* Utils */,
				0DA05FC4016A071474782419 /* ViewModels */,
				F213A8C76024AF8D6C70C0F0 /* Views */,
			);
			path = RelaxShort;
			sourceTree = "<group>";
		};
		39FD02C5903A5D5357897C31 /* Subtitles */ = {
			isa = PBXGroup;
			children = (
				352DAC99DF7A5862ABF44ADA /* SubtitleParser.swift */,
				E419E4384060BF195ED3C9DF /* SubtitleRenderer.swift */,
			);
			path = Subtitles;
			sourceTree = "<group>";
		};
		41244E4C36F73B2C6731E06C /* Metrics */ = {
			isa = PBXGroup;
			children = (
				F3CC05A2C81EA9C064D472E7 /* PlayerMetricsLogger.swift */,
			);
			path = Metrics;
			sourceTree = "<group>";
		};
		4AA363D377D50567A74AFCBA /* Player */ = {
			isa = PBXGroup;
			children = (
				AA1D03A03D2000E5D75B2B15 /* PlayerComponents.swift */,
			);
			path = Player;
			sourceTree = "<group>";
		};
		4E2154E69743F1540045A6DD /* Utils */ = {
			isa = PBXGroup;
			children = (
				A473A2297B9A58E144BAFECD /* Extensions.swift */,
				AE238EBAE393E9E9AAF06A07 /* LocalizationHelper.swift */,
			);
			path = Utils;
			sourceTree = "<group>";
		};
		535BA86F24C77414085C36E7 /* Rank */ = {
			isa = PBXGroup;
			children = (
				E29CB904700A50B3B6F1AEC7 /* RankCardView.swift */,
				3A3CC604DBFCEE5E5B9E077C /* RankView.swift */,
			);
			path = Rank;
			sourceTree = "<group>";
		};
		5C29374A6E7484A2706B1824 /* Services */ = {
			isa = PBXGroup;
			children = (
				B283C7770DFE5035A2A801EA /* AdConfig.swift */,
				FF389AD770099338D3F8AAF2 /* AdService.swift */,
				C0FBCC165022E5CCB45EA6E8 /* APIClient.swift */,
				4BF71E8082163CE2F05D8E65 /* APIEndpoint.swift */,
				A34F00000000000000000001 /* AuthModels.swift */,
				A34F00000000000000000002 /* AuthKeychainStore.swift */,
				A34F00000000000000000003 /* AuthSessionCoordinator.swift */,
				A34F00000000000000000004 /* GoogleOAuthClient.swift */,
				A34F00000000000000000005 /* RealAuthRepository.swift */,
				A34F00000000000000000006 /* AuthResponseDTO.swift */,
				2E94422D6C246A49C3BBEFCF /* DependencyContainer.swift */,
				92BA45403A687DDCFEC0BFB2 /* ImageLoader.swift */,
				83FB8814D1C728B6ACFF446E /* MockAPIRepository.swift */,
				59DE53B2962106BFD119821C /* NetworkError.swift */,
				3F30DE30D08251279912E670 /* RealAdService.swift */,
				816C2A833938C5A1359FED73 /* RepositoryProtocols.swift */,
				142D16FA5DD46D6AC295A967 /* StorageService.swift */,
				DF4A121A77EFE00386139727 /* StoreKitManager.swift */,
				EAB9B1695F125A9D9EB7B5A1 /* APIConfig.swift */,
				7BC0029E1B4A5E50A277A299 /* AppInitService.swift */,
				7E6FBCCA53315987A7ADE8A3 /* DTO/APIResponseEnvelope.swift */,
				173DC61A9CC85DAEB9CFD0ED /* RealHomeRepository.swift */,
				3E07DF14795E56458A576B7D /* RealSearchRepository.swift */,
				065FBCC273B75CBF80F7AD47 /* RealDetailRepository.swift */,
				F1A23B000000000000000004 /* RealProfileRepository.swift */,
				CF9FFC0A7E27520F831C0B29 /* RealAPISmokeRunner.swift */,
				T31A00600000000000000006 /* RealFavoritesRepository.swift */,
			);
			path = Services;
			sourceTree = "<group>";
		};
		68E89415BFEB9E7139ECBDC0 /* Favorites */ = {
			isa = PBXGroup;
			children = (
				D7B5D6833951FB561F5C8BC0 /* FavoritesView.swift */,
			);
			path = Favorites;
			sourceTree = "<group>";
		};
		697D6997052921210450F62E /* App */ = {
			isa = PBXGroup;
			children = (
				D253297B8A9E0DBCD3F63137 /* RelaxShortApp.swift */,
			);
			path = App;
			sourceTree = "<group>";
		};
		6BEC5544D6202D98963CED93 /* VIP */ = {
			isa = PBXGroup;
			children = (
			);
			path = VIP;
			sourceTree = "<group>";
		};
		73824753A11CF56629020B18 /* API */ = {
			isa = PBXGroup;
			children = (
				3ACE4BF9A6467F42C0968C1D /* RankingResponseDTO.swift */,
				T31A00400000000000000004 /* FavoritesResponseDTO.swift */,
			);
			name = API;
			sourceTree = "<group>";
		};
		7ACAA7D6C835481FD46EAA02 /* Products */ = {
			isa = PBXGroup;
			children = (
				6E8B492474AFC12A03F97878 /* RelaxShort.app */,
				AAAA5DE92FF18EFF00153BF7 /* RelaxShortTests.xctest */,
			);
			name = Products;
			sourceTree = "<group>";
		};
		89B63639161D513C9CC96252 /* Search */ = {
			isa = PBXGroup;
			children = (
				D8EC9E6C0320ECBC023B4E17 /* SearchDefaultView.swift */,
				A30F00000000000000000002 /* SearchRankCardView.swift */,
				A30F00000000000000000001 /* SearchRankTheme.swift */,
				A30F00000000000000000003 /* SearchRankingPager.swift */,
				28899AC8C3E62CAF6EF737A4 /* SearchView.swift */,
			);
			path = Search;
			sourceTree = "<group>";
		};
		93EDA5267D9F7ECCBD82FC62 /* Welfare */ = {
			isa = PBXGroup;
			children = (
				4F489C7DA1AC261114BF1CA0 /* CoinPurchaseSheet.swift */,
				C15E0ECC75DBFD47BDC8BF48 /* CoinRewardView.swift */,
				796597558E1D7B3BE7678413 /* CoinRewardViewModel.swift */,
				614217FBE8E7FD906F0E7F17 /* RulePopupView.swift */,
			);
			path = Welfare;
			sourceTree = "<group>";
		};
		AA26893D2FF8006C00DC844C /* Recovered References */ = {
			isa = PBXGroup;
			children = (
				5DCCCF0A8A63420F846E6A38 /* RealMemberRepository.swift */,
				ABE66037A6F14B1FA8BA0DA9 /* MemberResponseDTO.swift */,
				0797BAFECB9547DD90CE90AE /* MemberModels.swift */,
				86D8BBC63EA44177801BB30D /* MemberViewModel.swift */,
				EC39FF880BF54A0AB34DA75A /* MemberView.swift */,
				408582F2968E474DADC30E92 /* ProfileDestinations.swift */,
				F4539C92A78949F3A7C2630C /* ProfileMainComponents.swift */,
			);
			name = "Recovered References";
			sourceTree = "<group>";
		};
		B0653D13F8313B3DECF9B6C6 /* Ads */ = {
			isa = PBXGroup;
			children = (
				D7EBAB6170EDA73DEF1AB939 /* AdCardView.swift */,
				BD821FD282081AB98852E2AF /* RewardedAdView.swift */,
			);
			path = Ads;
			sourceTree = "<group>";
		};
		C0EB46BD0509CCC25C2C9E71 /* Components */ = {
			isa = PBXGroup;
			children = (
				E9F6A1269CCC563189D7AE7E /* DramaBoxBottomTabBar.swift */,
				E716B05349D983BF79D85F66 /* DramaBoxPosterCard.swift */,
				9ED81DB54F17A1B659CA8CAA /* DramaBoxSectionHeader.swift */,
				269FBED9CF59F2BA493D077E /* DramaBoxSheetChrome.swift */,
				BDA4BA0E4DC46492199EAA48 /* DSComponents.swift */,
				28CC60ED9149EC7216080A8B /* RightActionBar.swift */,
				3E062C5AE506CB3FC932836A /* SharedComponents.swift */,
			);
			path = Components;
			sourceTree = "<group>";
		};
		D6EF317C960C645129BCFAFF /* Profile */ = {
			isa = PBXGroup;
			children = (
				BFF861F910EFAE987BF1A60D /* ProfileView.swift */,
			);
			path = Profile;
			sourceTree = "<group>";
		};
		DF4086AA030A5CDE7B95B017 /* Home */ = {
			isa = PBXGroup;
			children = (
				F568292E03F1FD0A10249AEA /* BannerCarouselView.swift */,
				57B73D1F27373372450CDDB7 /* BannerCarouselViewModel.swift */,
				D6239C7548EBE5D9DC91B774 /* ContentGridView.swift */,
				3C29B2906A8A40C19941B29F /* HomeSectionComponents.swift */,
				E421576C8190BCF4CC8EFABD /* HomeView.swift */,
				0F907B906FB605748F73151A /* TopToolbarView.swift */,
			);
			path = Home;
			sourceTree = "<group>";
		};
		E7392DF108CDD71ED853A42A /* PlayerKit */ = {
			isa = PBXGroup;
			children = (
				89D0D2E9DBA64EE1932616C6 /* PlayerCoordinator.swift */,
				7F346D49AC21BBB76750BDC4 /* PlayerItemFactory.swift */,
				185258248DA764936F58AAB2 /* PlayerMediaModels.swift */,
				33FF53CF2CD4F740B93648B2 /* PlayerRecoveryController.swift */,
				168FB1E2BB472B3B8D7E7253 /* PlayerSlotPool.swift */,
				162A3AA839324704A0A1F73C /* ShortVideoPlayerEngine.swift */,
				5E638B042AF7EB7EEEB410B2 /* ShortVideoPlayerView.swift */,
				FDDD0125FCCEEBDBA339C1C0 /* MediaCache */,
				41244E4C36F73B2C6731E06C /* Metrics */,
				39FD02C5903A5D5357897C31 /* Subtitles */,
			);
			path = PlayerKit;
			sourceTree = "<group>";
		};
		F213A8C76024AF8D6C70C0F0 /* Views */ = {
			isa = PBXGroup;
			children = (
				9EE6686338A9B5C9165091C3 /* MainTabView.swift */,
				B5D7863E117B7187FC4A21A6 /* SplashView.swift */,
				B0653D13F8313B3DECF9B6C6 /* Ads */,
				1A52DE16C2435C8CF47B691A /* Auth */,
				C0EB46BD0509CCC25C2C9E71 /* Components */,
				68E89415BFEB9E7139ECBDC0 /* Favorites */,
				DF4086AA030A5CDE7B95B017 /* Home */,
				4AA363D377D50567A74AFCBA /* Player */,
				D6EF317C960C645129BCFAFF /* Profile */,
				535BA86F24C77414085C36E7 /* Rank */,
				1A7733AB42D1B020B7D3A3B4 /* RecommendPage */,
				89B63639161D513C9CC96252 /* Search */,
				6BEC5544D6202D98963CED93 /* VIP */,
				93EDA5267D9F7ECCBD82FC62 /* Welfare */,
				EFCC81788679592EBF64CF9F /* Debug/DebugSettingsView.swift */,
			);
			path = Views;
			sourceTree = "<group>";
		};
		FBAECB0A12FDC819AA0DBF64 /* Stores */ = {
			isa = PBXGroup;
			children = (
				0F9EDAF9DACFC07CD81B6706 /* AppStore.swift */,
				A2A4E84BF38F1E7454707A70 /* AuthStore.swift */,
				A2917162BA77C9AFCC147AD4 /* CoinStore.swift */,
				T31A00800000000000000008 /* BookmarkStore.swift */,
			);
			path = Stores;
			sourceTree = "<group>";
		};
		FC0F0F27A944BB9A2C75DECC /* Models */ = {
			isa = PBXGroup;
			children = (
				C9E72EDFAD26B4E491CBF588 /* Bookmark.swift */,
				B64486253ECEA99A6C9EFD17 /* CoinTask.swift */,
				457158D3B20C8360F9FE045F /* DramaItem.swift */,
				EA72F11F7C37C29470430D0F /* Episode.swift */,
				DD5AB7221591FB4CB7E7C3A6 /* NavigationRoutes.swift */,
				DE6BAACF8AF7E6C0BDECF3C3 /* RankDrama.swift */,
				6734F3AADD3FC80F4E33192D /* User.swift */,
				1BA3C9940AA462BEC7178DF7 /* VIPModels.swift */,
				BEC6A1E31F7E8E0BABDB1520 /* WatchHistory.swift */,
				B63560DCD0A454C5BE878E22 /* API/AppInitResponseDTO.swift */,
				CE297A7165A55E68BFCB9FA6 /* API/ForYouFeedResponseDTO.swift */,
				5A96C2B4E2AC50B8B17D50FC /* API/SeriesEpisodesResponseDTO.swift */,
				F1A23B000000000000000002 /* API/UserProfileResponseDTO.swift */,
				D20FD7A3399158EFA990DE36 /* API/PlayerMediaSource.swift */,
				D6B6494EE4F755429B7FD0B2 /* HomeCategory.swift */,
				73824753A11CF56629020B18 /* API */,
				1C914768BFFF4524641958E9 /* RankingEntry.swift */,
				T31A00200000000000000002 /* WatchProgressReport.swift */,
			);
			path = Models;
			sourceTree = "<group>";
		};
		FDDD0125FCCEEBDBA339C1C0 /* MediaCache */ = {
			isa = PBXGroup;
			children = (
				3BD817497A3D172F4436C753 /* HTTPRangeMediaCache.swift */,
				CE171218A2C10E4C0D56A9F5 /* PlayerResourceLoaderDelegate.swift */,
			);
			path = MediaCache;
			sourceTree = "<group>";
		};
		T31A01100000000000000011 /* Playback */ = {
			isa = PBXGroup;
			children = (
				T31A01000000000000000010 /* WatchProgressReporter.swift */,
			);
			path = Playback;
			sourceTree = "<group>";
		};
/* End PBXGroup section */

/* Begin PBXNativeTarget section */
		6AF8E8CF85EC9647DF04B721 /* RelaxShort */ = {
			isa = PBXNativeTarget;
			buildConfigurationList = 87721628BD415F50ED32F949 /* Build configuration list for PBXNativeTarget "RelaxShort" */;
			buildPhases = (
				C7F899F8CC33C6965A7525A2 /* Sources */,
				6A0AB54A86AB8C6D645148FD /* Resources */,
				614BFD0D6EE453BA328CC9B1 /* Frameworks */,
			);
			buildRules = (
			);
			dependencies = (
			);
			name = RelaxShort;
			packageProductDependencies = (
				945B30FA95757C96CC22C8F1 /* GoogleMobileAds */,
				A34D00000000000000000001 /* GoogleSignIn */,
				A34D00000000000000000002 /* GoogleSignInSwift */,
			);
			productName = RelaxShort;
			productReference = 6E8B492474AFC12A03F97878 /* RelaxShort.app */;
			productType = "com.apple.product-type.application";
		};
		AAAA5DE82FF18EFF00153BF7 /* RelaxShortTests */ = {
			isa = PBXNativeTarget;
			buildConfigurationList = AAAA5DF12FF18EFF00153BF7 /* Build configuration list for PBXNativeTarget "RelaxShortTests" */;
			buildPhases = (
				AAAA5DE52FF18EFF00153BF7 /* Sources */,
				AAAA5DE62FF18EFF00153BF7 /* Frameworks */,
				AAAA5DE72FF18EFF00153BF7 /* Resources */,
			);
			buildRules = (
			);
			dependencies = (
				AAAA5DEE2FF18EFF00153BF7 /* PBXTargetDependency */,
			);
			fileSystemSynchronizedGroups = (
				AAAA5DEA2FF18EFF00153BF7 /* RelaxShortTests */,
			);
			name = RelaxShortTests;
			packageProductDependencies = (
			);
			productName = RelaxShortTests;
			productReference = AAAA5DE92FF18EFF00153BF7 /* RelaxShortTests.xctest */;
			productType = "com.apple.product-type.bundle.unit-test";
		};
/* End PBXNativeTarget section */

/* Begin PBXProject section */
		CE0A440451637C12944B16AC /* Project object */ = {
			isa = PBXProject;
			attributes = {
				BuildIndependentTargetsInParallel = YES;
				LastSwiftUpdateCheck = 2660;
				LastUpgradeCheck = 1500;
				TargetAttributes = {
					6AF8E8CF85EC9647DF04B721 = {
						DevelopmentTeam = P7QAX68962;
					};
					AAAA5DE82FF18EFF00153BF7 = {
						CreatedOnToolsVersion = 26.6;
						TestTargetID = 6AF8E8CF85EC9647DF04B721;
					};
				};
			};
			buildConfigurationList = 578478F77621EB93B1681A6F /* Build configuration list for PBXProject "RelaxShort" */;
			developmentRegion = en;
			hasScannedForEncodings = 0;
			knownRegions = (
				Base,
				ar,
				en,
				es,
				ja,
				ko,
				pt,
				"zh-Hans",
				"zh-Hant",
			);
			mainGroup = 1EE0D2EE322025ED415228F1;
			minimizedProjectReferenceProxies = 1;
			packageReferences = (
				9426733FD624226EADA96C67 /* XCRemoteSwiftPackageReference "swift-package-manager-google-mobile-ads" */,
				A34E00000000000000000001 /* XCRemoteSwiftPackageReference "GoogleSignIn-iOS" */,
			);
			preferredProjectObjectVersion = 77;
			productRefGroup = 7ACAA7D6C835481FD46EAA02 /* Products */;
			projectDirPath = "";
			projectRoot = "";
			targets = (
				6AF8E8CF85EC9647DF04B721 /* RelaxShort */,
				AAAA5DE82FF18EFF00153BF7 /* RelaxShortTests */,
			);
		};
/* End PBXProject section */

/* Begin PBXResourcesBuildPhase section */
		6A0AB54A86AB8C6D645148FD /* Resources */ = {
			isa = PBXResourcesBuildPhase;
			buildActionMask = 2147483647;
			files = (
				3621D61EEDEABAB261DB3D9C /* Assets.xcassets in Resources */,
				99ECD8A1A63D8D8A97B83282 /* Localizable.strings in Resources */,
			);
			runOnlyForDeploymentPostprocessing = 0;
		};
		AAAA5DE72FF18EFF00153BF7 /* Resources */ = {
			isa = PBXResourcesBuildPhase;
			buildActionMask = 2147483647;
			files = (
			);
			runOnlyForDeploymentPostprocessing = 0;
		};
/* End PBXResourcesBuildPhase section */

/* Begin PBXSourcesBuildPhase section */
		AAAA5DE52FF18EFF00153BF7 /* Sources */ = {
			isa = PBXSourcesBuildPhase;
			buildActionMask = 2147483647;
			files = (
			);
			runOnlyForDeploymentPostprocessing = 0;
		};
		C7F899F8CC33C6965A7525A2 /* Sources */ = {
			isa = PBXSourcesBuildPhase;
			buildActionMask = 2147483647;
			files = (
				479CE0557FE0EB68C8164DA2 /* APIClient.swift in Sources */,
				BD62F14F9F5854A4669A9515 /* APIEndpoint.swift in Sources */,
				AF577A0A561BC8893C579778 /* AdCardView.swift in Sources */,
				437DB3F81EB2313F084B19F4 /* AdConfig.swift in Sources */,
				C3846580A6769F859B9D7406 /* AdService.swift in Sources */,
				AF1F1E6BE75AEAA424EFA93B /* AppStore.swift in Sources */,
				87397CD67B506164EAFE644C /* AuthStore.swift in Sources */,
				39D8E9DA7400BCF179CA4ACC /* BannerCarouselView.swift in Sources */,
				4DDFA6F1D2EEC92162F6390A /* BannerCarouselViewModel.swift in Sources */,
				3A5C94BBB1652FCA4C8FD2E4 /* Bookmark.swift in Sources */,
				E7A505695884140250DD7CAD /* CoinPurchaseSheet.swift in Sources */,
				8D9E4FFE568E4A3CC3F14A0A /* CoinRewardView.swift in Sources */,
				043B74A00414531A76FD3490 /* CoinRewardViewModel.swift in Sources */,
				02917329D9801E38C7141950 /* CoinStore.swift in Sources */,
				999E1EF120B9AFA358B50285 /* CoinTask.swift in Sources */,
				3C166BF01EA519B171BB29BF /* ContentGridView.swift in Sources */,
				35ACFDD66549ADA723C21EE5 /* DSComponents.swift in Sources */,
				7EA1F16846A1632410CBFF6B /* DependencyContainer.swift in Sources */,
				2E9BFA93C65881A7FF34909B /* DesignToken.swift in Sources */,
				5C5D9C3E2148403992266DD2 /* PlayerCoordinator.swift in Sources */,
				9F2B5CBD100A06A160CF773C /* DramaBoxBottomTabBar.swift in Sources */,
				EAED2751AE505BF8D3469214 /* DramaBoxPosterCard.swift in Sources */,
				90222D64B0E6198783ABF0E4 /* DramaBoxSectionHeader.swift in Sources */,
				99F209BB432A3953D9334356 /* DramaBoxSheetChrome.swift in Sources */,
				67E0C2900E4691C0AA7431B7 /* DramaItem.swift in Sources */,
				62E6C836C6BE09E7D21AAE18 /* Episode.swift in Sources */,
				4F550BBADB583BE70F1E0D4D /* ExitGuidePopupView.swift in Sources */,
				B2B7763C3F01AC8F8B1FECE8 /* Extensions.swift in Sources */,
				FD1C40888BB779A0CA0078DF /* FavoritesView.swift in Sources */,
				ADA87D600B71591BC2FD8B39 /* FavoritesViewModel.swift in Sources */,
				22DD7B8ED502B83B8DA519EC /* HTTPRangeMediaCache.swift in Sources */,
				018255F83848D18F615B66FC /* HomeView.swift in Sources */,
				3C29B2916A8A40C19941B29F /* HomeSectionComponents.swift in Sources */,
				C1D76D631694C10F3B7D91D8 /* HomeViewModel.swift in Sources */,
				1FF3E1A102BEF7AA8D4F9D2A /* ImageLoader.swift in Sources */,
				EBC20B06EACB0E62DACEDCA3 /* LocalizationHelper.swift in Sources */,
				CE8C90F42794FBBC8959AE3F /* Logger.swift in Sources */,
				B2971FB6D19A7C6D5E972521 /* LoginView.swift in Sources */,
				70625382EDA24FD51CA6C6C8 /* LoginViewModel.swift in Sources */,
				3DA9ADA76FBF34BE2D573190 /* MainTabView.swift in Sources */,
				D69868C98C54B6D60C649FEF /* MockAPIRepository.swift in Sources */,
				A34B00000000000000000001 /* AuthModels.swift in Sources */,
				A34B00000000000000000002 /* AuthKeychainStore.swift in Sources */,
				A34B00000000000000000003 /* AuthSessionCoordinator.swift in Sources */,
				A34B00000000000000000004 /* GoogleOAuthClient.swift in Sources */,
				A34B00000000000000000005 /* RealAuthRepository.swift in Sources */,
				A34B00000000000000000006 /* AuthResponseDTO.swift in Sources */,
				A925386114185EA02BD70324 /* NavigationRoutes.swift in Sources */,
				7CB8EC8C5350FC8F379062DF /* NetworkError.swift in Sources */,
				813920C7CB353C5DFF9EDFC0 /* PlayerComponents.swift in Sources */,
				77E72D93B7DE00FD5CC03556 /* PlayerItemFactory.swift in Sources */,
				54675ED85DFD792FC62BF4DC /* PlayerMediaModels.swift in Sources */,
				5B19C5C83C1B02D7226E4728 /* PlayerMetricsLogger.swift in Sources */,
				534A609A4BC181567823C605 /* PlayerRecoveryController.swift in Sources */,
				B336F51F917B972D2E94488D /* PlayerResourceLoaderDelegate.swift in Sources */,
				D443C19FB03F5FAC37C37AC9 /* PlayerSlotPool.swift in Sources */,
				A904D3F3D117CE6F5C9FE9C4 /* ProfileView.swift in Sources */,
				760FA93B30ED6372731C4B9F /* ProfileViewModel.swift in Sources */,
				900FFCB54E4CAABD66C9961C /* RankCardView.swift in Sources */,
				84521D9F5863A3752E137B86 /* RankDrama.swift in Sources */,
				ED523DCF8E19074DB9CE3EEF /* RankView.swift in Sources */,
				E792C7488A231F2C32982561 /* RankViewModel.swift in Sources */,
				515D6A18AF0E16B92039B736 /* RealAdService.swift in Sources */,
				FB1270575E45544AA548243B /* RealSearchRepository.swift in Sources */,
				T31A00100000000000000001 /* WatchProgressReport.swift in Sources */,
				T31A00300000000000000003 /* FavoritesResponseDTO.swift in Sources */,
				T31A00500000000000000005 /* RealFavoritesRepository.swift in Sources */,
				T31A00700000000000000007 /* BookmarkStore.swift in Sources */,
				T31A00900000000000000009 /* WatchProgressReporter.swift in Sources */,
				E4C662B328DF8B393E7610D4 /* RecommendView.swift in Sources */,
				6C6912FA41D55BA89E9652D3 /* RecommendViewModel.swift in Sources */,
				63313C34915D61811BF274CD /* RelaxShortApp.swift in Sources */,
				56198E9B766AE5D2CDCE76B6 /* RepositoryProtocols.swift in Sources */,
				CD9E95D7080A87ABF29CF072 /* RewardedAdView.swift in Sources */,
				05E7C5CD90C150C482CA8DF1 /* RightActionBar.swift in Sources */,
				BB620C8D87AB1D3DCD9E9469 /* RulePopupView.swift in Sources */,
				A41016AFF966DD48067E8DC1 /* SearchDefaultView.swift in Sources */,
				A30B00000000000000000002 /* SearchRankCardView.swift in Sources */,
				A30B00000000000000000001 /* SearchRankTheme.swift in Sources */,
				A30B00000000000000000003 /* SearchRankingPager.swift in Sources */,
				950D311C2699FB3FDD0DFEF6 /* SearchDefaultViewModel.swift in Sources */,
				612F40122E21C22C29A7235A /* SearchView.swift in Sources */,
				EC43C2384ABDEDCE727009FF /* SearchViewModel.swift in Sources */,
				1C871B6F33AB54D0D59AA2AC /* SeriesPlayerView.swift in Sources */,
				7439D1A1EE4D4FA88873524E /* PlayerOptionSheets.swift in Sources */,
				FC841D8C8509F712A341D3E8 /* ShareSheet.swift in Sources */,
				EC449F079CD25D1C00AF5D6F /* SharedComponents.swift in Sources */,
				54229AAD0F949D70663B3BE8 /* ShortVideoPlayerEngine.swift in Sources */,
				725ED73B1C90C685469604A4 /* ShortVideoPlayerView.swift in Sources */,
				7F0248C13E2DF858A93FAD7D /* SpeedHUDView.swift in Sources */,
				109C7DB25FDA449C9B68CBDE /* SplashView.swift in Sources */,
				9F9F993193E6AF344C7E2F94 /* StorageService.swift in Sources */,
				C6680317189D82D2B9397409 /* StoreKitManager.swift in Sources */,
				A97478AD4830248EE21D0AF4 /* SubtitleParser.swift in Sources */,
				F675DC72662B935D840C12B4 /* SubtitleRenderer.swift in Sources */,
				BB2E3EA9A9D00C60F41D13CD /* ThemeManager.swift in Sources */,
				9B85F56762E96295823D58B9 /* TopToolbarView.swift in Sources */,
				ECCF20624BBB95D5CC561F85 /* User.swift in Sources */,
				91D600ABF5B9CD83A995EACE /* VIPModels.swift in Sources */,
				780220A30CA17D36AC00BCA2 /* VideoPlayerView.swift in Sources */,
				6477CAE549CC459E6CF4B297 /* WatchHistory.swift in Sources */,
				157EA7612F5F55209BB9DF3A /* APIConfig.swift in Sources */,
				4C2A4B746B4E5FA8AD0D26AF /* AppInitService.swift in Sources */,
				E09FFD1FC4CA5F27B337582E /* DTO/APIResponseEnvelope.swift in Sources */,
				A0E1F901A6725799956393D0 /* RealHomeRepository.swift in Sources */,
				CEDC26B856AE55F0A2AD1160 /* RealDetailRepository.swift in Sources */,
				F1A23B000000000000000003 /* RealProfileRepository.swift in Sources */,
				A2224A7AD8D851AC87787F17 /* API/AppInitResponseDTO.swift in Sources */,
				F1A23B000000000000000001 /* API/UserProfileResponseDTO.swift in Sources */,
				E7FFE811FDC95A4F80C7A654 /* API/ForYouFeedResponseDTO.swift in Sources */,
				A9AA6BDCE7525C01ABC19F01 /* API/SeriesEpisodesResponseDTO.swift in Sources */,
				787FEE0511E957E8A50AE0CE /* API/PlayerMediaSource.swift in Sources */,
				DCD3189B09FF55E88489DE59 /* HomeCategory.swift in Sources */,
				47CAE4E9748555F58485DF77 /* RealAPISmokeRunner.swift in Sources */,
				E0F0A47B6CF65DF99FE3A0D0 /* Debug/DebugSettingsView.swift in Sources */,
				8CF74B95BAAEFB1AA410A620 /* InstallIdentityProvider.swift in Sources */,
				76CE474B83AAE6620BA0C2EB /* DiscoveryEvent.swift in Sources */,
				BBB34C8BA2205B2AF5B4DBFD /* DiscoveryAnalyticsReporter.swift in Sources */,
				DD864AAF8CA99672E1AF0004 /* DiscoveryAnalyticsClient.swift in Sources */,
				2C154A54BD9F2FF30E9D0E37 /* RankingResponseDTO.swift in Sources */,
				82AA4DB580892A726175B04F /* RankingEntry.swift in Sources */,
				2E4AAF0C01CE42B2A39F4D43 /* RealMemberRepository.swift in Sources */,
				1209CA13FE97426E9C6D6308 /* MemberResponseDTO.swift in Sources */,
				D7D9F92CE08942F48FE5B6C4 /* MemberModels.swift in Sources */,
				71D41707ADD14AF18AA788EB /* MemberViewModel.swift in Sources */,
				04AD97E5CBAE40B48D335B50 /* MemberView.swift in Sources */,
				CAD19E0F63784384B4057737 /* ProfileDestinations.swift in Sources */,
				95BB863B0F6B4CAEAF73548D /* ProfileMainComponents.swift in Sources */,
			);
			runOnlyForDeploymentPostprocessing = 0;
		};
/* End PBXSourcesBuildPhase section */

/* Begin PBXTargetDependency section */
		AAAA5DEE2FF18EFF00153BF7 /* PBXTargetDependency */ = {
			isa = PBXTargetDependency;
			target = 6AF8E8CF85EC9647DF04B721 /* RelaxShort */;
			targetProxy = AAAA5DED2FF18EFF00153BF7 /* PBXContainerItemProxy */;
		};
/* End PBXTargetDependency section */

/* Begin PBXVariantGroup section */
		A2BCDBC3FD8E0721CDF48ABB /* Localizable.strings */ = {
			isa = PBXVariantGroup;
			children = (
				1D6EBAF9C05520F4159DE62D /* ar */,
				AEFA922168678A653E36A49B /* Base */,
				45C2B9C4EFA543902B3CA1D1 /* en */,
				158EE04959229D92A979E900 /* es */,
				033FA10CEF10A18521342010 /* ja */,
				98E39F7A910562916DBA1719 /* ko */,
				E54D81D0D5B79D564CA914DC /* pt */,
				9284B7B09C619F1A83F6B3A0 /* zh-Hans */,
				9A6777B6A51E8C56A292B546 /* zh-Hant */,
			);
			name = Localizable.strings;
			sourceTree = "<group>";
		};
/* End PBXVariantGroup section */

/* Begin XCBuildConfiguration section */
		10B14D4051838A4EEA89685F /* Release */ = {
			isa = XCBuildConfiguration;
			buildSettings = {
				ALWAYS_SEARCH_USER_PATHS = NO;
				CLANG_ANALYZER_NONNULL = YES;
				CLANG_ANALYZER_NUMBER_OBJECT_CONVERSION = YES_AGGRESSIVE;
				CLANG_CXX_LANGUAGE_STANDARD = "gnu++14";
				CLANG_CXX_LIBRARY = "libc++";
				CLANG_ENABLE_MODULES = YES;
				CLANG_ENABLE_OBJC_ARC = YES;
				CLANG_ENABLE_OBJC_WEAK = YES;
				CLANG_WARN_BLOCK_CAPTURE_AUTORELEASING = YES;
				CLANG_WARN_BOOL_CONVERSION = YES;
				CLANG_WARN_COMMA = YES;
				CLANG_WARN_CONSTANT_CONVERSION = YES;
				CLANG_WARN_DEPRECATED_OBJC_IMPLEMENTATIONS = YES;
				CLANG_WARN_DIRECT_OBJC_ISA_USAGE = YES_ERROR;
				CLANG_WARN_DOCUMENTATION_COMMENTS = YES;
				CLANG_WARN_EMPTY_BODY = YES;
				CLANG_WARN_ENUM_CONVERSION = YES;
				CLANG_WARN_INFINITE_RECURSION = YES;
				CLANG_WARN_INT_CONVERSION = YES;
				CLANG_WARN_NON_LITERAL_NULL_CONVERSION = YES;
				CLANG_WARN_OBJC_IMPLICIT_RETAIN_SELF = YES;
				CLANG_WARN_OBJC_LITERAL_CONVERSION = YES;
				CLANG_WARN_OBJC_ROOT_CLASS = YES_ERROR;
				CLANG_WARN_QUOTED_INCLUDE_IN_FRAMEWORK_HEADER = YES;
				CLANG_WARN_RANGE_LOOP_ANALYSIS = YES;
				CLANG_WARN_STRICT_PROTOTYPES = YES;
				CLANG_WARN_SUSPICIOUS_MOVE = YES;
				CLANG_WARN_UNGUARDED_AVAILABILITY = YES_AGGRESSIVE;
				CLANG_WARN_UNREACHABLE_CODE = YES;
				CLANG_WARN__DUPLICATE_METHOD_MATCH = YES;
				COPY_PHASE_STRIP = NO;
				DEBUG_INFORMATION_FORMAT = "dwarf-with-dsym";
				DEVELOPMENT_TEAM = P7QAX68962;
				ENABLE_NS_ASSERTIONS = NO;
				ENABLE_STRICT_OBJC_MSGSEND = YES;
				GCC_C_LANGUAGE_STANDARD = gnu11;
				GCC_NO_COMMON_BLOCKS = YES;
				GCC_WARN_64_TO_32_BIT_CONVERSION = YES;
				GCC_WARN_ABOUT_RETURN_TYPE = YES_ERROR;
				GCC_WARN_UNDECLARED_SELECTOR = YES;
				GCC_WARN_UNINITIALIZED_AUTOS = YES_AGGRESSIVE;
				GCC_WARN_UNUSED_FUNCTION = YES;
				GCC_WARN_UNUSED_VARIABLE = YES;
				IPHONEOS_DEPLOYMENT_TARGET = 17.0;
				MTL_ENABLE_DEBUG_INFO = NO;
				MTL_FAST_MATH = YES;
				PRODUCT_NAME = "$(TARGET_NAME)";
				SDKROOT = iphoneos;
				SWIFT_COMPILATION_MODE = wholemodule;
				SWIFT_OPTIMIZATION_LEVEL = "-O";
				SWIFT_VERSION = 5.9;
			};
			name = Release;
		};
		6F68C14FBA4D203BEA5B18BA /* Debug */ = {
			isa = XCBuildConfiguration;
			buildSettings = {
				ALWAYS_SEARCH_USER_PATHS = NO;
				CLANG_ANALYZER_NONNULL = YES;
				CLANG_ANALYZER_NUMBER_OBJECT_CONVERSION = YES_AGGRESSIVE;
				CLANG_CXX_LANGUAGE_STANDARD = "gnu++14";
				CLANG_CXX_LIBRARY = "libc++";
				CLANG_ENABLE_MODULES = YES;
				CLANG_ENABLE_OBJC_ARC = YES;
				CLANG_ENABLE_OBJC_WEAK = YES;
				CLANG_WARN_BLOCK_CAPTURE_AUTORELEASING = YES;
				CLANG_WARN_BOOL_CONVERSION = YES;
				CLANG_WARN_COMMA = YES;
				CLANG_WARN_CONSTANT_CONVERSION = YES;
				CLANG_WARN_DEPRECATED_OBJC_IMPLEMENTATIONS = YES;
				CLANG_WARN_DIRECT_OBJC_ISA_USAGE = YES_ERROR;
				CLANG_WARN_DOCUMENTATION_COMMENTS = YES;
				CLANG_WARN_EMPTY_BODY = YES;
				CLANG_WARN_ENUM_CONVERSION = YES;
				CLANG_WARN_INFINITE_RECURSION = YES;
				CLANG_WARN_INT_CONVERSION = YES;
				CLANG_WARN_NON_LITERAL_NULL_CONVERSION = YES;
				CLANG_WARN_OBJC_IMPLICIT_RETAIN_SELF = YES;
				CLANG_WARN_OBJC_LITERAL_CONVERSION = YES;
				CLANG_WARN_OBJC_ROOT_CLASS = YES_ERROR;
				CLANG_WARN_QUOTED_INCLUDE_IN_FRAMEWORK_HEADER = YES;
				CLANG_WARN_RANGE_LOOP_ANALYSIS = YES;
				CLANG_WARN_STRICT_PROTOTYPES = YES;
				CLANG_WARN_SUSPICIOUS_MOVE = YES;
				CLANG_WARN_UNGUARDED_AVAILABILITY = YES_AGGRESSIVE;
				CLANG_WARN_UNREACHABLE_CODE = YES;
				CLANG_WARN__DUPLICATE_METHOD_MATCH = YES;
				COPY_PHASE_STRIP = NO;
				DEBUG_INFORMATION_FORMAT = dwarf;
				DEVELOPMENT_TEAM = P7QAX68962;
				ENABLE_STRICT_OBJC_MSGSEND = YES;
				ENABLE_TESTABILITY = YES;
				GCC_C_LANGUAGE_STANDARD = gnu11;
				GCC_DYNAMIC_NO_PIC = NO;
				GCC_NO_COMMON_BLOCKS = YES;
				GCC_OPTIMIZATION_LEVEL = 0;
				GCC_PREPROCESSOR_DEFINITIONS = (
					"$(inherited)",
					"DEBUG=1",
				);
				GCC_WARN_64_TO_32_BIT_CONVERSION = YES;
				GCC_WARN_ABOUT_RETURN_TYPE = YES_ERROR;
				GCC_WARN_UNDECLARED_SELECTOR = YES;
				GCC_WARN_UNINITIALIZED_AUTOS = YES_AGGRESSIVE;
				GCC_WARN_UNUSED_FUNCTION = YES;
				GCC_WARN_UNUSED_VARIABLE = YES;
				IPHONEOS_DEPLOYMENT_TARGET = 17.0;
				MTL_ENABLE_DEBUG_INFO = INCLUDE_SOURCE;
				MTL_FAST_MATH = YES;
				ONLY_ACTIVE_ARCH = YES;
				PRODUCT_NAME = "$(TARGET_NAME)";
				SDKROOT = iphoneos;
				SWIFT_ACTIVE_COMPILATION_CONDITIONS = DEBUG;
				SWIFT_OPTIMIZATION_LEVEL = "-Onone";
				SWIFT_VERSION = 5.9;
			};
			name = Debug;
		};
		906D424289A84C0DE9B44533 /* Debug */ = {
			isa = XCBuildConfiguration;
			buildSettings = {
				ASSETCATALOG_COMPILER_APPICON_NAME = AppIcon;
				CODE_SIGN_IDENTITY = "iPhone Developer";
				INFOPLIST_FILE = RelaxShort/Info.plist;
				LD_RUNPATH_SEARCH_PATHS = (
					"$(inherited)",
					"@executable_path/Frameworks",
				);
				PRODUCT_BUNDLE_IDENTIFIER = com.relaxshort.ios;
				SDKROOT = iphoneos;
				TARGETED_DEVICE_FAMILY = "1,2";
			};
			name = Debug;
		};
		AAAA5DEF2FF18EFF00153BF7 /* Debug */ = {
			isa = XCBuildConfiguration;
			buildSettings = {
				ASSETCATALOG_COMPILER_GENERATE_SWIFT_ASSET_SYMBOL_EXTENSIONS = YES;
				BUNDLE_LOADER = "$(TEST_HOST)";
				CLANG_CXX_LANGUAGE_STANDARD = "gnu++20";
				CODE_SIGN_STYLE = Automatic;
				CURRENT_PROJECT_VERSION = 1;
				ENABLE_USER_SCRIPT_SANDBOXING = YES;
				GCC_C_LANGUAGE_STANDARD = gnu17;
				GCC_PREPROCESSOR_DEFINITIONS = (
					"DEBUG=1",
					"$(inherited)",
				);
				GENERATE_INFOPLIST_FILE = YES;
				IPHONEOS_DEPLOYMENT_TARGET = 17.0;
				LOCALIZATION_PREFERS_STRING_CATALOGS = YES;
				MARKETING_VERSION = 1.0;
				PRODUCT_BUNDLE_IDENTIFIER = com.relaxshort.RelaxShortTests;
				PRODUCT_NAME = "$(TARGET_NAME)";
				STRING_CATALOG_GENERATE_SYMBOLS = NO;
				SWIFT_ACTIVE_COMPILATION_CONDITIONS = "DEBUG $(inherited)";
				SWIFT_APPROACHABLE_CONCURRENCY = YES;
				SWIFT_EMIT_LOC_STRINGS = NO;
				SWIFT_UPCOMING_FEATURE_MEMBER_IMPORT_VISIBILITY = YES;
				SWIFT_VERSION = 5.0;
				TARGETED_DEVICE_FAMILY = "1,2";
				TEST_HOST = "$(BUILT_PRODUCTS_DIR)/RelaxShort.app/$(BUNDLE_EXECUTABLE_FOLDER_PATH)/RelaxShort";
			};
			name = Debug;
		};
		AAAA5DF02FF18EFF00153BF7 /* Release */ = {
			isa = XCBuildConfiguration;
			buildSettings = {
				ASSETCATALOG_COMPILER_GENERATE_SWIFT_ASSET_SYMBOL_EXTENSIONS = YES;
				BUNDLE_LOADER = "$(TEST_HOST)";
				CLANG_CXX_LANGUAGE_STANDARD = "gnu++20";
				CODE_SIGN_STYLE = Automatic;
				CURRENT_PROJECT_VERSION = 1;
				ENABLE_USER_SCRIPT_SANDBOXING = YES;
				GCC_C_LANGUAGE_STANDARD = gnu17;
				GENERATE_INFOPLIST_FILE = YES;
				IPHONEOS_DEPLOYMENT_TARGET = 17.0;
				LOCALIZATION_PREFERS_STRING_CATALOGS = YES;
				MARKETING_VERSION = 1.0;
				PRODUCT_BUNDLE_IDENTIFIER = com.relaxshort.RelaxShortTests;
				PRODUCT_NAME = "$(TARGET_NAME)";
				STRING_CATALOG_GENERATE_SYMBOLS = NO;
				SWIFT_APPROACHABLE_CONCURRENCY = YES;
				SWIFT_EMIT_LOC_STRINGS = NO;
				SWIFT_UPCOMING_FEATURE_MEMBER_IMPORT_VISIBILITY = YES;
				SWIFT_VERSION = 5.0;
				TARGETED_DEVICE_FAMILY = "1,2";
				TEST_HOST = "$(BUILT_PRODUCTS_DIR)/RelaxShort.app/$(BUNDLE_EXECUTABLE_FOLDER_PATH)/RelaxShort";
				VALIDATE_PRODUCT = YES;
			};
			name = Release;
		};
		EBE50F153B74515DCCA57B0A /* Release */ = {
			isa = XCBuildConfiguration;
			buildSettings = {
				ASSETCATALOG_COMPILER_APPICON_NAME = AppIcon;
				CODE_SIGN_IDENTITY = "iPhone Developer";
				INFOPLIST_FILE = RelaxShort/Info.plist;
				LD_RUNPATH_SEARCH_PATHS = (
					"$(inherited)",
					"@executable_path/Frameworks",
				);
				PRODUCT_BUNDLE_IDENTIFIER = com.relaxshort.ios;
				SDKROOT = iphoneos;
				TARGETED_DEVICE_FAMILY = "1,2";
			};
			name = Release;
		};
/* End XCBuildConfiguration section */

/* Begin XCConfigurationList section */
		578478F77621EB93B1681A6F /* Build configuration list for PBXProject "RelaxShort" */ = {
			isa = XCConfigurationList;
			buildConfigurations = (
				6F68C14FBA4D203BEA5B18BA /* Debug */,
				10B14D4051838A4EEA89685F /* Release */,
			);
			defaultConfigurationIsVisible = 0;
			defaultConfigurationName = Debug;
		};
		87721628BD415F50ED32F949 /* Build configuration list for PBXNativeTarget "RelaxShort" */ = {
			isa = XCConfigurationList;
			buildConfigurations = (
				906D424289A84C0DE9B44533 /* Debug */,
				EBE50F153B74515DCCA57B0A /* Release */,
			);
			defaultConfigurationIsVisible = 0;
			defaultConfigurationName = Debug;
		};
		AAAA5DF12FF18EFF00153BF7 /* Build configuration list for PBXNativeTarget "RelaxShortTests" */ = {
			isa = XCConfigurationList;
			buildConfigurations = (
				AAAA5DEF2FF18EFF00153BF7 /* Debug */,
				AAAA5DF02FF18EFF00153BF7 /* Release */,
			);
			defaultConfigurationIsVisible = 0;
			defaultConfigurationName = Debug;
		};
/* End XCConfigurationList section */

/* Begin XCRemoteSwiftPackageReference section */
		9426733FD624226EADA96C67 /* XCRemoteSwiftPackageReference "swift-package-manager-google-mobile-ads" */ = {
			isa = XCRemoteSwiftPackageReference;
			repositoryURL = "https://github.com/googleads/swift-package-manager-google-mobile-ads";
			requirement = {
				kind = upToNextMajorVersion;
				minimumVersion = 11.0.0;
			};
		};
		A34E00000000000000000001 /* XCRemoteSwiftPackageReference "GoogleSignIn-iOS" */ = {
			isa = XCRemoteSwiftPackageReference;
			repositoryURL = "https://github.com/google/GoogleSignIn-iOS";
			requirement = {
				kind = upToNextMajorVersion;
				minimumVersion = 9.0.0;
			};
		};
/* End XCRemoteSwiftPackageReference section */

/* Begin XCSwiftPackageProductDependency section */
		945B30FA95757C96CC22C8F1 /* GoogleMobileAds */ = {
			isa = XCSwiftPackageProductDependency;
			package = 9426733FD624226EADA96C67 /* XCRemoteSwiftPackageReference "swift-package-manager-google-mobile-ads" */;
			productName = GoogleMobileAds;
		};
		A34D00000000000000000001 /* GoogleSignIn */ = {
			isa = XCSwiftPackageProductDependency;
			package = A34E00000000000000000001 /* XCRemoteSwiftPackageReference "GoogleSignIn-iOS" */;
			productName = GoogleSignIn;
		};
		A34D00000000000000000002 /* GoogleSignInSwift */ = {
			isa = XCSwiftPackageProductDependency;
			package = A34E00000000000000000001 /* XCRemoteSwiftPackageReference "GoogleSignIn-iOS" */;
			productName = GoogleSignInSwift;
		};
/* End XCSwiftPackageProductDependency section */
	};
	rootObject = CE0A440451637C12944B16AC /* Project object */;
}
